{
  "name": "@needle-tools/external-content-samples",
  "version": "1.0.0",
  "lockfileVersion": 3,
  "requires": true,
  "packages": {
    "": {
      "name": "@needle-tools/external-content-samples",
      "version": "1.0.0",
      "devDependencies": {
        "@needle-tools/engine": "^3.6.9",
        "@types/three": "0.146.0",
        "three": "npm:@needle-tools/three@0.146.10"
      },
      "peerDependencies": {
        "@needle-tools/engine": ">= 1.0.0-pre",
        "three": "^0.130"
      }
    },
    "node_modules/@dimforge/rapier3d-compat": {
      "version": "0.9.0",
      "resolved": "https://registry.npmjs.org/@dimforge/rapier3d-compat/-/rapier3d-compat-0.9.0.tgz",
      "integrity": "sha512-zjgpXS/fFx1lZqjW1DfVUEaRHFpekzWjF6eSGb/xeEUf74YO0NDlQ93Hj0oI2k+i6QIoQk9KcIaEGwQZkullrw==",
      "dev": true
    },
    "node_modules/@needle-tools/engine": {
      "version": "3.6.10",
      "resolved": "https://registry.npmjs.org/@needle-tools/engine/-/engine-3.6.10.tgz",
      "integrity": "sha512-Lrx9okZYa60PiRKymz535YtYV5DQhYoEJxl6HPx1p9cT7thItZe/AEgFBE6hDkastT42Em8s6Vq3bhHIsA40Iw==",
      "dev": true,
      "dependencies": {
        "@dimforge/rapier3d-compat": "^0.9.0",
        "flatbuffers": "2.0.4",
        "md5": "^2.3.0",
        "n8ao": "^1.4.2",
        "peerjs": "1.4.7",
        "postprocessing": "^6.30.1",
        "simplex-noise": "^4.0.1",
        "stats.js": "^0.17.0",
        "three": "npm:@needle-tools/three@^0.146.9",
        "three-mesh-ui": "npm:@needle-tools/three-mesh-ui@^7.1.4",
        "three.quarks": "^0.7.3",
        "uuid": "^9.0.0",
        "websocket-ts": "^1.1.1"
      }
    },
    "node_modules/@swc/helpers": {
      "version": "0.3.17",
      "resolved": "https://registry.npmjs.org/@swc/helpers/-/helpers-0.3.17.tgz",
      "integrity": "sha512-tb7Iu+oZ+zWJZ3HJqwx8oNwSDIU440hmVMDPhpACWQWnrZHK99Bxs70gT1L2dnr5Hg50ZRWEFkQCAnOVVV0z1Q==",
      "dev": true,
      "dependencies": {
        "tslib": "^2.4.0"
      }
    },
    "node_modules/@types/three": {
      "version": "0.146.0",
      "resolved": "https://registry.npmjs.org/@types/three/-/three-0.146.0.tgz",
      "integrity": "sha512-75AgysUrIvTCB054eQa2pDVFurfeFW8CrMQjpzjt3yHBfuuknoSvvsESd/3EhQxPrz9si3+P0wiDUVsWUlljfA==",
      "dev": true,
      "dependencies": {
        "@types/webxr": "*"
      }
    },
    "node_modules/@types/webxr": {
      "version": "0.5.2",
      "resolved": "https://registry.npmjs.org/@types/webxr/-/webxr-0.5.2.tgz",
      "integrity": "sha512-szL74BnIcok9m7QwYtVmQ+EdIKwbjPANudfuvDrAF8Cljg9MKUlIoc1w5tjj9PMpeSH3U1Xnx//czQybJ0EfSw==",
      "dev": true
    },
    "node_modules/charenc": {
      "version": "0.0.2",
      "resolved": "https://registry.npmjs.org/charenc/-/charenc-0.0.2.tgz",
      "integrity": "sha512-yrLQ/yVUFXkzg7EDQsPieE/53+0RlaWTs+wBrvW36cyilJ2SaDWfl4Yj7MtLTXleV9uEKefbAGUPv2/iWSooRA==",
      "dev": true,
      "engines": {
        "node": "*"
      }
    },
    "node_modules/crypt": {
      "version": "0.0.2",
      "resolved": "https://registry.npmjs.org/crypt/-/crypt-0.0.2.tgz",
      "integrity": "sha512-mCxBlsHFYh9C+HVpiEacem8FEBnMXgU9gy4zmNC+SXAZNB/1idgp/aulFJ4FgCi7GPEVbfyng092GqL2k2rmow==",
      "dev": true,
      "engines": {
        "node": "*"
      }
    },
    "node_modules/eventemitter3": {
      "version": "4.0.7",
      "resolved": "https://registry.npmjs.org/eventemitter3/-/eventemitter3-4.0.7.tgz",
      "integrity": "sha512-8guHBZCwKnFhYdHr2ysuRWErTwhoN2X8XELRlrRwpmfeY2jjuUN4taQMsULKUVo1K4DvZl+0pgfyoysHxvmvEw==",
      "dev": true
    },
    "node_modules/flatbuffers": {
      "version": "2.0.4",
      "resolved": "https://registry.npmjs.org/flatbuffers/-/flatbuffers-2.0.4.tgz",
      "integrity": "sha512-4rUFVDPjSoP0tOII34oQf+72NKU7E088U5oX7kwICahft0UB2kOQ9wUzzCp+OHxByERIfxRDCgX5mP8Pjkfl0g==",
      "dev": true
    },
    "node_modules/is-buffer": {
      "version": "1.1.6",
      "resolved": "https://registry.npmjs.org/is-buffer/-/is-buffer-1.1.6.tgz",
      "integrity": "sha512-NcdALwpXkTm5Zvvbk7owOUSvVvBKDgKP5/ewfXEznmQFfs4ZRmanOeKBTjRVjka3QFoN6XJ+9F3USqfHqTaU5w==",
      "dev": true
    },
    "node_modules/md5": {
      "version": "2.3.0",
      "resolved": "https://registry.npmjs.org/md5/-/md5-2.3.0.tgz",
      "integrity": "sha512-T1GITYmFaKuO91vxyoQMFETst+O71VUPEU3ze5GNzDm0OWdP8v1ziTaAEPUr/3kLsY3Sftgz242A1SetQiDL7g==",
      "dev": true,
      "dependencies": {
        "charenc": "0.0.2",
        "crypt": "0.0.2",
        "is-buffer": "~1.1.6"
      }
    },
    "node_modules/n8ao": {
      "version": "1.6.4",
      "resolved": "https://registry.npmjs.org/n8ao/-/n8ao-1.6.4.tgz",
      "integrity": "sha512-w0gkHzOYlYlceW1tAFexSuNF5YdXh0awMvc8lZXJIIrLn0J394cc2k0pvP+aBNJzVLrDP+fpws3sE+ITmlSm/g==",
      "dev": true,
      "peerDependencies": {
        "postprocessing": ">=6.30.0",
        "three": ">=0.137"
      }
    },
    "node_modules/peerjs": {
      "version": "1.4.7",
      "resolved": "https://registry.npmjs.org/peerjs/-/peerjs-1.4.7.tgz",
      "integrity": "sha512-dWE2HIGvJO0Hm8lYHJiO/5OWl8xYtGcAuU08To1HMIfhh76ULzkCS3NIQO/PZm4noO1RhaGTkQaQ6sbAss6/Tg==",
      "dev": true,
      "dependencies": {
        "@swc/helpers": "^0.3.13",
        "eventemitter3": "^4.0.7",
        "peerjs-js-binarypack": "1.0.1",
        "webrtc-adapter": "^7.7.1"
      },
      "engines": {
        "node": ">= 10"
      },
      "funding": {
        "type": "opencollective",
        "url": "https://opencollective.com/peer"
      }
    },
    "node_modules/peerjs-js-binarypack": {
      "version": "1.0.1",
      "resolved": "https://registry.npmjs.org/peerjs-js-binarypack/-/peerjs-js-binarypack-1.0.1.tgz",
      "integrity": "sha512-N6aeia3NhdpV7kiGxJV5xQiZZCVEEVjRz2T2C6UZQiBkHWHzUv/oWA4myQLcwBwO8LUoR1KWW5oStvwVesmfCg==",
      "dev": true
    },
    "node_modules/postprocessing": {
      "version": "6.31.2",
      "resolved": "https://registry.npmjs.org/postprocessing/-/postprocessing-6.31.2.tgz",
      "integrity": "sha512-wOpL3qFmleOWfk4uK377t+7BWF1MOzBTeT+yWr6l/NlgwZZb8xEW7I3j7auwhoW2jG1uuymBeCdUQK91yn8rsw==",
      "dev": true,
      "engines": {
        "node": ">= 0.13.2"
      },
      "peerDependencies": {
        "three": ">= 0.138.0 < 0.154.0"
      }
    },
    "node_modules/rtcpeerconnection-shim": {
      "version": "1.2.15",
      "resolved": "https://registry.npmjs.org/rtcpeerconnection-shim/-/rtcpeerconnection-shim-1.2.15.tgz",
      "integrity": "sha512-C6DxhXt7bssQ1nHb154lqeL0SXz5Dx4RczXZu2Aa/L1NJFnEVDxFwCBo3fqtuljhHIGceg5JKBV4XJ0gW5JKyw==",
      "dev": true,
      "dependencies": {
        "sdp": "^2.6.0"
      },
      "engines": {
        "node": ">=6.0.0",
        "npm": ">=3.10.0"
      }
    },
    "node_modules/sdp": {
      "version": "2.12.0",
      "resolved": "https://registry.npmjs.org/sdp/-/sdp-2.12.0.tgz",
      "integrity": "sha512-jhXqQAQVM+8Xj5EjJGVweuEzgtGWb3tmEEpl3CLP3cStInSbVHSg0QWOGQzNq8pSID4JkpeV2mPqlMDLrm0/Vw==",
      "dev": true
    },
    "node_modules/simplex-noise": {
      "version": "4.0.1",
      "resolved": "https://registry.npmjs.org/simplex-noise/-/simplex-noise-4.0.1.tgz",
      "integrity": "sha512-zl/+bdSqW7HJOQ0oDbxrNYaF4F5ik0i7M6YOYmEoIJNtg16NpvWaTTM1Y7oV/7T0jFljawLgYPS81Uu2rsfo1A==",
      "dev": true
    },
    "node_modules/stats.js": {
      "version": "0.17.0",
      "resolved": "https://registry.npmjs.org/stats.js/-/stats.js-0.17.0.tgz",
      "integrity": "sha512-hNKz8phvYLPEcRkeG1rsGmV5ChMjKDAWU7/OJJdDErPBNChQXxCo3WZurGpnWc6gZhAzEPFad1aVgyOANH1sMw==",
      "dev": true
    },
    "node_modules/three": {
      "name": "@needle-tools/three",
      "version": "0.146.10",
      "resolved": "https://registry.npmjs.org/@needle-tools/three/-/three-0.146.10.tgz",
      "integrity": "sha512-gr7j/5JZGMiYLIzcFWU3yGTlsHHssZV+e22CGqh4X9LUljkHdvuFmsCMVrJqGJX+qBTxH2NyZjkvEzorcKVL2g==",
      "dev": true
    },
    "node_modules/three-mesh-ui": {
      "name": "@needle-tools/three-mesh-ui",
      "version": "7.1.4",
      "resolved": "https://registry.npmjs.org/@needle-tools/three-mesh-ui/-/three-mesh-ui-7.1.4.tgz",
      "integrity": "sha512-ZM30ZsD4Pjx3Lp8rffmwwjqpsZ3HDiNYR9lbszOLhzuCuxFRAmWKOJQtH6A1qL8Dvk/fopX409turqjj4M0USQ==",
      "dev": true,
      "engines": {
        "node": "x.x.x"
      },
      "peerDependencies": {
        "three": ">= 0.132.1 < 0.149.0"
      }
    },
    "node_modules/three.quarks": {
      "version": "0.7.3",
      "resolved": "https://registry.npmjs.org/three.quarks/-/three.quarks-0.7.3.tgz",
      "integrity": "sha512-eugnYlAWd9wATls01ygggb+A9KNAkTD0lt/U5tiuavP2Qf1DqsnoiZbScZ0kucDwW2GyoNtk+CVD2KpnR/hVYg==",
      "dev": true,
      "dependencies": {
        "three": "^0.146.0"
      }
    },
    "node_modules/tslib": {
      "version": "2.5.3",
      "resolved": "https://registry.npmjs.org/tslib/-/tslib-2.5.3.tgz",
      "integrity": "sha512-mSxlJJwl3BMEQCUNnxXBU9jP4JBktcEGhURcPR6VQVlnP0FdDEsIaz0C35dXNGLyRfrATNofF0F5p2KPxQgB+w==",
      "dev": true
    },
    "node_modules/uuid": {
      "version": "9.0.0",
      "resolved": "https://registry.npmjs.org/uuid/-/uuid-9.0.0.tgz",
      "integrity": "sha512-MXcSTerfPa4uqyzStbRoTgt5XIe3x5+42+q1sDuy3R5MDk66URdLMOZe5aPX/SQd+kuYAh0FdP/pO28IkQyTeg==",
      "dev": true,
      "bin": {
        "uuid": "dist/bin/uuid"
      }
    },
    "node_modules/webrtc-adapter": {
      "version": "7.7.1",
      "resolved": "https://registry.npmjs.org/webrtc-adapter/-/webrtc-adapter-7.7.1.tgz",
      "integrity": "sha512-TbrbBmiQBL9n0/5bvDdORc6ZfRY/Z7JnEj+EYOD1ghseZdpJ+nF2yx14k3LgQKc7JZnG7HAcL+zHnY25So9d7A==",
      "dev": true,
      "dependencies": {
        "rtcpeerconnection-shim": "^1.2.15",
        "sdp": "^2.12.0"
      },
      "engines": {
        "node": ">=6.0.0",
        "npm": ">=3.10.0"
      }
    },
    "node_modules/websocket-ts": {
      "version": "1.1.1",
      "resolved": "https://registry.npmjs.org/websocket-ts/-/websocket-ts-1.1.1.tgz",
      "integrity": "sha512-rm+S60J74Ckw5iizzgID12ju+OfaHAa6dhXhULIOrXkl0e05RzxfY42/vMStpz5jWL3iz9mkyjPcFUY1IgI0fw==",
      "dev": true
    }
  }
}
