{
  "name": "my-sample-package",
  "version": "1.0.0",
  "lockfileVersion": 2,
  "requires": true,
  "packages": {
    "": {
      "name": "my-sample-package",
      "version": "1.0.0",
      "devDependencies": {
        "@needle-tools/engine": "file:C:\\git\\needle-tiny-playground\\modules\\needle-tiny\\js\\package~",
        "three": "npm:@needle-tools/three@0.146.10"
      },
      "peerDependencies": {
        "@needle-tools/engine": ">= 1.0.0-pre",
        "three": "^0.130"
      }
    },
    "../../../../../needle-tiny/js/package~": {
      "version": "3.7.1-alpha",
      "dev": true,
      "dependencies": {
        "@dimforge/rapier3d-compat": "^0.9.0",
        "flatbuffers": "2.0.4",
        "md5": "^2.3.0",
        "n8ao": "^1.4.2",
        "peerjs": "1.4.7",
        "postprocessing": "^6.30.1",
        "simplex-noise": "^4.0.1",
        "stats.js": "^0.17.0",
        "three": "npm:@needle-tools/three@^0.146.9",
        "three-mesh-ui": "npm:@needle-tools/three-mesh-ui@^7.1.4",
        "three.quarks": "^0.7.3",
        "uuid": "^9.0.0",
        "websocket-ts": "^1.1.1"
      },
      "devDependencies": {
        "@babel/runtime": "^7.16.0",
        "@luncheon/esbuild-plugin-gzip": "^0.1.0",
        "@needle-tools/helper": "^0.4.5",
        "@needle-tools/needle-component-compiler": "1.9.3",
        "@types/three": "0.146.0",
        "esbuild": "^0.15.10",
        "esbuild-node-externals": "^1.5.0",
        "fs-extra": "^11.1.1",
        "jsdoc-babel": "^0.5.0",
        "jsdoc-to-markdown": "^7.1.1",
        "madge": "^5.0.1",
        "npm-watch": "^0.11.0",
        "typescript": "^4.5.5",
        "vite": "^4.0.4"
      }
    },
    "node_modules/@needle-tools/engine": {
      "resolved": "../../../../../needle-tiny/js/package~",
      "link": true
    },
    "node_modules/three": {
      "name": "@needle-tools/three",
      "version": "0.146.10",
      "resolved": "https://registry.npmjs.org/@needle-tools/three/-/three-0.146.10.tgz",
      "integrity": "sha512-gr7j/5JZGMiYLIzcFWU3yGTlsHHssZV+e22CGqh4X9LUljkHdvuFmsCMVrJqGJX+qBTxH2NyZjkvEzorcKVL2g==",
      "dev": true
    }
  },
  "dependencies": {
    "@needle-tools/engine": {
      "version": "file:../../../../../needle-tiny/js/package~",
      "requires": {
        "@babel/runtime": "^7.16.0",
        "@dimforge/rapier3d-compat": "^0.9.0",
        "@luncheon/esbuild-plugin-gzip": "^0.1.0",
        "@needle-tools/helper": "^0.4.5",
        "@needle-tools/needle-component-compiler": "1.9.3",
        "@types/three": "0.146.0",
        "esbuild": "^0.15.10",
        "esbuild-node-externals": "^1.5.0",
        "flatbuffers": "2.0.4",
        "fs-extra": "^11.1.1",
        "jsdoc-babel": "^0.5.0",
        "jsdoc-to-markdown": "^7.1.1",
        "madge": "^5.0.1",
        "md5": "^2.3.0",
        "n8ao": "^1.4.2",
        "npm-watch": "^0.11.0",
        "peerjs": "1.4.7",
        "postprocessing": "^6.30.1",
        "simplex-noise": "^4.0.1",
        "stats.js": "^0.17.0",
        "three": "npm:@needle-tools/three@^0.146.9",
        "three-mesh-ui": "npm:@needle-tools/three-mesh-ui@^7.1.4",
        "three.quarks": "^0.7.3",
        "typescript": "^4.5.5",
        "uuid": "^9.0.0",
        "vite": "^4.0.4",
        "websocket-ts": "^1.1.1"
      }
    },
    "three": {
      "version": "npm:@needle-tools/three@0.146.10",
      "resolved": "https://registry.npmjs.org/@needle-tools/three/-/three-0.146.10.tgz",
      "integrity": "sha512-gr7j/5JZGMiYLIzcFWU3yGTlsHHssZV+e22CGqh4X9LUljkHdvuFmsCMVrJqGJX+qBTxH2NyZjkvEzorcKVL2g==",
      "dev": true
    }
  }
}
