{
  "name": "samples.sensors",
  "version": "1.0.0",
  "lockfileVersion": 3,
  "requires": true,
  "packages": {
    "": {
      "name": "samples.sensors",
      "version": "1.0.0",
      "dependencies": {
        "sharp": "^0.33.4"
      },
      "devDependencies": {
        "@needle-tools/engine": "^3.45.1-beta.5",
        "@types/three": "0.162.0",
        "three": "npm:@needle-tools/three@^0.162.4"
      },
      "peerDependencies": {
        "@needle-tools/engine": "^3.45.1-beta.5",
        "three": "npm:@needle-tools/three@^0.162.4"
      }
    },
    "node_modules/@dimforge/rapier3d-compat": {
      "version": "0.12.0",
      "dev": true,
      "license": "Apache-2.0"
    },
    "node_modules/@img/sharp-win32-x64": {
      "version": "0.33.4",
      "cpu": [
        "x64"
      ],
      "license": "Apache-2.0 AND LGPL-3.0-or-later",
      "optional": true,
      "os": [
        "win32"
      ],
      "engines": {
        "node": "^18.17.0 || ^20.3.0 || >=21.0.0",
        "npm": ">=9.6.5",
        "pnpm": ">=7.1.0",
        "yarn": ">=3.2.0"
      },
      "funding": {
        "url": "https://opencollective.com/libvips"
      }
    },
    "node_modules/@needle-tools/engine": {
      "version": "3.45.1-beta.7",
      "dev": true,
      "dependencies": {
        "@dimforge/rapier3d-compat": "^0.12.0",
        "@needle-tools/gltf-progressive": "^1.2.6",
        "@webxr-input-profiles/motion-controllers": "^1.0.0",
        "flatbuffers": "2.0.4",
        "md5": "^2.3.0",
        "n8ao": "^1.8.2",
        "peerjs": "1.4.7",
        "postprocessing": "^6.35.5",
        "simplex-noise": "^4.0.1",
        "stats.js": "^0.17.0",
        "three": "npm:@needle-tools/three@^0.162.4",
        "three-mesh-ui": "npm:@needle-tools/three-mesh-ui@^7.1.5-alpha.5",
        "three.quarks": "0.10.8",
        "uuid": "^9.0.0",
        "websocket-ts": "^2.1.5"
      },
      "peerDependencies": {
        "open": "^10.1.0"
      }
    },
    "node_modules/@needle-tools/gltf-progressive": {
      "version": "1.2.6",
      "dev": true,
      "peerDependencies": {
        "three": ">= 0.160.0"
      }
    },
    "node_modules/@swc/helpers": {
      "version": "0.3.17",
      "dev": true,
      "license": "MIT",
      "dependencies": {
        "tslib": "^2.4.0"
      }
    },
    "node_modules/@tweenjs/tween.js": {
      "version": "23.1.2",
      "dev": true,
      "license": "MIT"
    },
    "node_modules/@types/stats.js": {
      "version": "0.17.3",
      "dev": true,
      "license": "MIT"
    },
    "node_modules/@types/three": {
      "version": "0.162.0",
      "dev": true,
      "license": "MIT",
      "dependencies": {
        "@tweenjs/tween.js": "~23.1.1",
        "@types/stats.js": "*",
        "@types/webxr": "*",
        "fflate": "~0.6.10",
        "meshoptimizer": "~0.18.1"
      }
    },
    "node_modules/@types/webxr": {
      "version": "0.5.19",
      "dev": true,
      "license": "MIT"
    },
    "node_modules/@webxr-input-profiles/motion-controllers": {
      "version": "1.0.0",
      "dev": true
    },
    "node_modules/bundle-name": {
      "version": "4.1.0",
      "dev": true,
      "license": "MIT",
      "peer": true,
      "dependencies": {
        "run-applescript": "^7.0.0"
      },
      "engines": {
        "node": ">=18"
      },
      "funding": {
        "url": "https://github.com/sponsors/sindresorhus"
      }
    },
    "node_modules/charenc": {
      "version": "0.0.2",
      "dev": true,
      "license": "BSD-3-Clause",
      "engines": {
        "node": "*"
      }
    },
    "node_modules/color": {
      "version": "4.2.3",
      "license": "MIT",
      "dependencies": {
        "color-convert": "^2.0.1",
        "color-string": "^1.9.0"
      },
      "engines": {
        "node": ">=12.5.0"
      }
    },
    "node_modules/color-convert": {
      "version": "2.0.1",
      "license": "MIT",
      "dependencies": {
        "color-name": "~1.1.4"
      },
      "engines": {
        "node": ">=7.0.0"
      }
    },
    "node_modules/color-name": {
      "version": "1.1.4",
      "license": "MIT"
    },
    "node_modules/color-string": {
      "version": "1.9.1",
      "license": "MIT",
      "dependencies": {
        "color-name": "^1.0.0",
        "simple-swizzle": "^0.2.2"
      }
    },
    "node_modules/crypt": {
      "version": "0.0.2",
      "dev": true,
      "license": "BSD-3-Clause",
      "engines": {
        "node": "*"
      }
    },
    "node_modules/default-browser": {
      "version": "5.2.1",
      "dev": true,
      "license": "MIT",
      "peer": true,
      "dependencies": {
        "bundle-name": "^4.1.0",
        "default-browser-id": "^5.0.0"
      },
      "engines": {
        "node": ">=18"
      },
      "funding": {
        "url": "https://github.com/sponsors/sindresorhus"
      }
    },
    "node_modules/default-browser-id": {
      "version": "5.0.0",
      "dev": true,
      "license": "MIT",
      "peer": true,
      "engines": {
        "node": ">=18"
      },
      "funding": {
        "url": "https://github.com/sponsors/sindresorhus"
      }
    },
    "node_modules/define-lazy-prop": {
      "version": "3.0.0",
      "dev": true,
      "license": "MIT",
      "peer": true,
      "engines": {
        "node": ">=12"
      },
      "funding": {
        "url": "https://github.com/sponsors/sindresorhus"
      }
    },
    "node_modules/detect-libc": {
      "version": "2.0.3",
      "license": "Apache-2.0",
      "engines": {
        "node": ">=8"
      }
    },
    "node_modules/eventemitter3": {
      "version": "4.0.7",
      "dev": true,
      "license": "MIT"
    },
    "node_modules/fflate": {
      "version": "0.6.10",
      "dev": true,
      "license": "MIT"
    },
    "node_modules/flatbuffers": {
      "version": "2.0.4",
      "dev": true,
      "license": "SEE LICENSE IN LICENSE.txt"
    },
    "node_modules/is-buffer": {
      "version": "1.1.6",
      "dev": true,
      "license": "MIT"
    },
    "node_modules/is-docker": {
      "version": "3.0.0",
      "dev": true,
      "license": "MIT",
      "peer": true,
      "bin": {
        "is-docker": "cli.js"
      },
      "engines": {
        "node": "^12.20.0 || ^14.13.1 || >=16.0.0"
      },
      "funding": {
        "url": "https://github.com/sponsors/sindresorhus"
      }
    },
    "node_modules/is-inside-container": {
      "version": "1.0.0",
      "dev": true,
      "license": "MIT",
      "peer": true,
      "dependencies": {
        "is-docker": "^3.0.0"
      },
      "bin": {
        "is-inside-container": "cli.js"
      },
      "engines": {
        "node": ">=14.16"
      },
      "funding": {
        "url": "https://github.com/sponsors/sindresorhus"
      }
    },
    "node_modules/is-wsl": {
      "version": "3.1.0",
      "dev": true,
      "license": "MIT",
      "peer": true,
      "dependencies": {
        "is-inside-container": "^1.0.0"
      },
      "engines": {
        "node": ">=16"
      },
      "funding": {
        "url": "https://github.com/sponsors/sindresorhus"
      }
    },
    "node_modules/md5": {
      "version": "2.3.0",
      "dev": true,
      "license": "BSD-3-Clause",
      "dependencies": {
        "charenc": "0.0.2",
        "crypt": "0.0.2",
        "is-buffer": "~1.1.6"
      }
    },
    "node_modules/meshoptimizer": {
      "version": "0.18.1",
      "dev": true,
      "license": "MIT"
    },
    "node_modules/n8ao": {
      "version": "1.8.2",
      "dev": true,
      "license": "ISC",
      "peerDependencies": {
        "postprocessing": ">=6.30.0",
        "three": ">=0.137"
      }
    },
    "node_modules/open": {
      "version": "10.1.0",
      "dev": true,
      "license": "MIT",
      "peer": true,
      "dependencies": {
        "default-browser": "^5.2.1",
        "define-lazy-prop": "^3.0.0",
        "is-inside-container": "^1.0.0",
        "is-wsl": "^3.1.0"
      },
      "engines": {
        "node": ">=18"
      },
      "funding": {
        "url": "https://github.com/sponsors/sindresorhus"
      }
    },
    "node_modules/peerjs": {
      "version": "1.4.7",
      "dev": true,
      "license": "MIT",
      "dependencies": {
        "@swc/helpers": "^0.3.13",
        "eventemitter3": "^4.0.7",
        "peerjs-js-binarypack": "1.0.1",
        "webrtc-adapter": "^7.7.1"
      },
      "engines": {
        "node": ">= 10"
      },
      "funding": {
        "type": "opencollective",
        "url": "https://opencollective.com/peer"
      }
    },
    "node_modules/peerjs-js-binarypack": {
      "version": "1.0.1",
      "dev": true,
      "license": "BSD"
    },
    "node_modules/postprocessing": {
      "version": "6.35.6",
      "dev": true,
      "license": "Zlib",
      "engines": {
        "node": ">= 0.13.2"
      },
      "peerDependencies": {
        "three": ">= 0.152.0 < 0.167.0"
      }
    },
    "node_modules/rtcpeerconnection-shim": {
      "version": "1.2.15",
      "dev": true,
      "license": "BSD-3-Clause",
      "dependencies": {
        "sdp": "^2.6.0"
      },
      "engines": {
        "node": ">=6.0.0",
        "npm": ">=3.10.0"
      }
    },
    "node_modules/run-applescript": {
      "version": "7.0.0",
      "dev": true,
      "license": "MIT",
      "peer": true,
      "engines": {
        "node": ">=18"
      },
      "funding": {
        "url": "https://github.com/sponsors/sindresorhus"
      }
    },
    "node_modules/sdp": {
      "version": "2.12.0",
      "dev": true,
      "license": "MIT"
    },
    "node_modules/semver": {
      "version": "7.6.2",
      "license": "ISC",
      "bin": {
        "semver": "bin/semver.js"
      },
      "engines": {
        "node": ">=10"
      }
    },
    "node_modules/sharp": {
      "version": "0.33.4",
      "hasInstallScript": true,
      "license": "Apache-2.0",
      "dependencies": {
        "color": "^4.2.3",
        "detect-libc": "^2.0.3",
        "semver": "^7.6.0"
      },
      "engines": {
        "libvips": ">=8.15.2",
        "node": "^18.17.0 || ^20.3.0 || >=21.0.0"
      },
      "funding": {
        "url": "https://opencollective.com/libvips"
      },
      "optionalDependencies": {
        "@img/sharp-darwin-arm64": "0.33.4",
        "@img/sharp-darwin-x64": "0.33.4",
        "@img/sharp-libvips-darwin-arm64": "1.0.2",
        "@img/sharp-libvips-darwin-x64": "1.0.2",
        "@img/sharp-libvips-linux-arm": "1.0.2",
        "@img/sharp-libvips-linux-arm64": "1.0.2",
        "@img/sharp-libvips-linux-s390x": "1.0.2",
        "@img/sharp-libvips-linux-x64": "1.0.2",
        "@img/sharp-libvips-linuxmusl-arm64": "1.0.2",
        "@img/sharp-libvips-linuxmusl-x64": "1.0.2",
        "@img/sharp-linux-arm": "0.33.4",
        "@img/sharp-linux-arm64": "0.33.4",
        "@img/sharp-linux-s390x": "0.33.4",
        "@img/sharp-linux-x64": "0.33.4",
        "@img/sharp-linuxmusl-arm64": "0.33.4",
        "@img/sharp-linuxmusl-x64": "0.33.4",
        "@img/sharp-wasm32": "0.33.4",
        "@img/sharp-win32-ia32": "0.33.4",
        "@img/sharp-win32-x64": "0.33.4"
      }
    },
    "node_modules/simple-swizzle": {
      "version": "0.2.2",
      "license": "MIT",
      "dependencies": {
        "is-arrayish": "^0.3.1"
      }
    },
    "node_modules/simple-swizzle/node_modules/is-arrayish": {
      "version": "0.3.2",
      "resolved": "https://registry.npmjs.org/is-arrayish/-/is-arrayish-0.3.2.tgz",
      "integrity": "sha512-eVRqCvVlZbuw3GrM63ovNSNAeA1K16kaR/LRY/92w0zxQ5/1YzwblUX652i4Xs9RwAGjW9d9y6X88t8OaAJfWQ==",
      "license": "MIT"
    },
    "node_modules/simplex-noise": {
      "version": "4.0.2",
      "dev": true,
      "license": "MIT"
    },
    "node_modules/stats.js": {
      "version": "0.17.0",
      "dev": true,
      "license": "MIT"
    },
    "node_modules/three": {
      "name": "@needle-tools/three",
      "version": "0.162.4",
      "dev": true,
      "license": "MIT"
    },
    "node_modules/three-mesh-ui": {
      "name": "@needle-tools/three-mesh-ui",
      "version": "7.1.5-alpha.5",
      "dev": true,
      "license": "MIT",
      "engines": {
        "node": "x.x.x"
      },
      "peerDependencies": {
        "three": ">=0.154.0"
      }
    },
    "node_modules/three.quarks": {
      "version": "0.10.8",
      "dev": true,
      "license": "MIT",
      "peerDependencies": {
        "three": ">=0.153.0"
      }
    },
    "node_modules/tslib": {
      "version": "2.6.3",
      "dev": true,
      "license": "0BSD"
    },
    "node_modules/uuid": {
      "version": "9.0.1",
      "dev": true,
      "funding": [
        "https://github.com/sponsors/broofa",
        "https://github.com/sponsors/ctavan"
      ],
      "license": "MIT",
      "bin": {
        "uuid": "dist/bin/uuid"
      }
    },
    "node_modules/webrtc-adapter": {
      "version": "7.7.1",
      "dev": true,
      "license": "BSD-3-Clause",
      "dependencies": {
        "rtcpeerconnection-shim": "^1.2.15",
        "sdp": "^2.12.0"
      },
      "engines": {
        "node": ">=6.0.0",
        "npm": ">=3.10.0"
      }
    },
    "node_modules/websocket-ts": {
      "version": "2.1.5",
      "dev": true,
      "license": "MIT"
    }
  }
}
