{
  "name": "needle-lookingglass",
  "version": "1.0.0",
  "lockfileVersion": 3,
  "requires": true,
  "packages": {
    "": {
      "name": "needle-lookingglass",
      "version": "1.0.0",
      "dependencies": {
        "@lookingglass/webxr": "^0.2.1"
      },
      "devDependencies": {
        "@needle-tools/engine": "file:/Users/herbst/git/needle-engine-dev/modules/needle-engine/js/package~",
        "three": "npm:@needle-tools/three@^0.154.3"
      },
      "peerDependencies": {
        "@needle-tools/engine": ">= 1.0.0-pre",
        "three": "^0.130"
      }
    },
    "../../../../../needle-engine/js/package~": {
      "version": "3.11.4-beta",
      "dev": true,
      "dependencies": {
        "@dimforge/rapier3d-compat": "^0.9.0",
        "flatbuffers": "2.0.4",
        "md5": "^2.3.0",
        "n8ao": "^1.4.2",
        "peerjs": "1.4.7",
        "postprocessing": "^6.32.1",
        "simplex-noise": "^4.0.1",
        "stats.js": "^0.17.0",
        "three": "npm:@needle-tools/three@^0.154.3",
        "three-mesh-ui": "npm:@needle-tools/three-mesh-ui@^7.1.5-alpha.3",
        "three.quarks": "^0.7.3",
        "uuid": "^9.0.0",
        "websocket-ts": "^1.1.1"
      },
      "devDependencies": {
        "@babel/runtime": "^7.16.0",
        "@luncheon/esbuild-plugin-gzip": "^0.1.0",
        "@needle-tools/helper": "^0.10.1",
        "@needle-tools/needle-component-compiler": "^1.10.0",
        "@playwright/test": "^1.36.2",
        "@types/three": "0.154.0",
        "@typescript-eslint/eslint-plugin": "^6.2.0",
        "@typescript-eslint/parser": "^6.2.0",
        "esbuild": "^0.15.10",
        "esbuild-node-externals": "^1.5.0",
        "eslint": "^8.45.0",
        "eslint-plugin-import": "^2.28.0",
        "filehound": "^1.17.6",
        "fs-extra": "^11.1.1",
        "howfat": "^0.3.7",
        "jsdoc-babel": "^0.5.0",
        "jsdoc-to-markdown": "^7.1.1",
        "madge": "^5.0.1",
        "npm-watch": "^0.11.0",
        "typescript": "^4.5.5",
        "vite": "<= 4.3.9"
      }
    },
    "node_modules/@lookingglass/webxr": {
      "version": "0.2.1",
      "resolved": "https://registry.npmjs.org/@lookingglass/webxr/-/webxr-0.2.1.tgz",
      "integrity": "sha512-JT9JAydgW7ymEqm65tnUtwWBxJXyYljvzX2nZ6815jTHiiAlU4bSVhuF7d630xuBAvx/JeQ7ctWY8tTbhaalzA==",
      "dependencies": {
        "@lookingglass/webxr-polyfill": "0.1.1",
        "gl-matrix": "^2.8.1",
        "holoplay-core": "0.0.9"
      }
    },
    "node_modules/@lookingglass/webxr-polyfill": {
      "version": "0.1.1",
      "resolved": "https://registry.npmjs.org/@lookingglass/webxr-polyfill/-/webxr-polyfill-0.1.1.tgz",
      "integrity": "sha512-xrsJ8zhBAgE1EglLgbiVX3Z9q0mib/EYBCl31KCXTt7zyCmCSj9PgQ7apqFZBfXbbEEoP7LDBsTWNqzNphczew==",
      "dependencies": {
        "cardboard-vr-display": "^1.0.19",
        "gl-matrix": "^2.8.1"
      }
    },
    "node_modules/@needle-tools/engine": {
      "resolved": "../../../../../needle-engine/js/package~",
      "link": true
    },
    "node_modules/cardboard-vr-display": {
      "version": "1.0.19",
      "resolved": "https://registry.npmjs.org/cardboard-vr-display/-/cardboard-vr-display-1.0.19.tgz",
      "integrity": "sha512-+MjcnWKAkb95p68elqZLDPzoiF/dGncQilLGvPBM5ZorABp/ao3lCs7nnRcYBckmuNkg1V/5rdGDKoUaCVsHzQ==",
      "dependencies": {
        "gl-preserve-state": "^1.0.0",
        "nosleep.js": "^0.7.0",
        "webvr-polyfill-dpdb": "^1.0.17"
      }
    },
    "node_modules/cbor-js": {
      "version": "0.1.0",
      "resolved": "https://registry.npmjs.org/cbor-js/-/cbor-js-0.1.0.tgz",
      "integrity": "sha512-7sQ/TvDZPl7csT1Sif9G0+MA0I0JOVah8+wWlJVQdVEgIbCzlN/ab3x+uvMNsc34TUvO6osQTAmB2ls80JX6tw=="
    },
    "node_modules/gl-matrix": {
      "version": "2.8.1",
      "resolved": "https://registry.npmjs.org/gl-matrix/-/gl-matrix-2.8.1.tgz",
      "integrity": "sha512-0YCjVpE3pS5XWlN3J4X7AiAx65+nqAI54LndtVFnQZB6G/FVLkZH8y8V6R3cIoOQR4pUdfwQGd1iwyoXHJ4Qfw=="
    },
    "node_modules/gl-preserve-state": {
      "version": "1.0.0",
      "resolved": "https://registry.npmjs.org/gl-preserve-state/-/gl-preserve-state-1.0.0.tgz",
      "integrity": "sha512-zQZ25l3haD4hvgJZ6C9+s0ebdkW9y+7U2qxvGu1uWOJh8a4RU+jURIKEQhf8elIlFpMH6CrAY2tH0mYrRjet3Q=="
    },
    "node_modules/holoplay-core": {
      "version": "0.0.9",
      "resolved": "https://registry.npmjs.org/holoplay-core/-/holoplay-core-0.0.9.tgz",
      "integrity": "sha512-fz/mT42dCFSFxZfjD1LiM+HW9WsxVNdoGjuPzp/OylZZtYmOg/ygWGGb3d3WIJtX4fgbtJViOj6oKMXSi1/rrQ==",
      "dependencies": {
        "cbor-js": "^0.1.0",
        "ws": "^7.2.0"
      }
    },
    "node_modules/nosleep.js": {
      "version": "0.7.0",
      "resolved": "https://registry.npmjs.org/nosleep.js/-/nosleep.js-0.7.0.tgz",
      "integrity": "sha512-Z4B1HgvzR+en62ghwZf6BwAR6x4/pjezsiMcbF9KMLh7xoscpoYhaSXfY3lLkqC68AtW+/qLJ1lzvBIj0FGaTA=="
    },
    "node_modules/three": {
      "name": "@needle-tools/three",
      "version": "0.154.3",
      "resolved": "https://registry.npmjs.org/@needle-tools/three/-/three-0.154.3.tgz",
      "integrity": "sha512-PlamEOaoax74cbnPEKyHPmwMe+S0LF2oB65zIUfA6pXj1xDsjg+8+J24cAGxhhcye88MdoNLEdcgcu8Kjuww1Q==",
      "dev": true
    },
    "node_modules/webvr-polyfill-dpdb": {
      "version": "1.0.18",
      "resolved": "https://registry.npmjs.org/webvr-polyfill-dpdb/-/webvr-polyfill-dpdb-1.0.18.tgz",
      "integrity": "sha512-O0S1ZGEWyPvyZEkS2VbyV7mtir/NM9MNK3EuhbHPoJ8EHTky2pTXehjIl+IiDPr+Lldgx129QGt3NGly7rwRPw=="
    },
    "node_modules/ws": {
      "version": "7.5.9",
      "resolved": "https://registry.npmjs.org/ws/-/ws-7.5.9.tgz",
      "integrity": "sha512-F+P9Jil7UiSKSkppIiD94dN07AwvFixvLIj1Og1Rl9GGMuNipJnV9JzjD6XuqmAeiswGvUmNLjr5cFuXwNS77Q==",
      "engines": {
        "node": ">=8.3.0"
      },
      "peerDependencies": {
        "bufferutil": "^4.0.1",
        "utf-8-validate": "^5.0.2"
      },
      "peerDependenciesMeta": {
        "bufferutil": {
          "optional": true
        },
        "utf-8-validate": {
          "optional": true
        }
      }
    }
  }
}
