{
  "name": "needle.samples.scrollytelling",
  "version": "1.0.0",
  "lockfileVersion": 3,
  "requires": true,
  "packages": {
    "": {
      "name": "needle.samples.scrollytelling",
      "version": "1.0.0",
      "devDependencies": {
        "@needle-tools/engine": "^3.6.9",
        "three": "npm:@needle-tools/three@0.146.10"
      },
      "peerDependencies": {
        "@needle-tools/engine": ">= 1.0.0-pre",
        "three": "^0.130"
      }
    },
    "node_modules/@dimforge/rapier3d-compat": {
      "version": "0.9.0",
      "dev": true,
      "license": "Apache-2.0"
    },
    "node_modules/@needle-tools/engine": {
      "version": "3.6.10",
      "resolved": "https://registry.npmjs.org/@needle-tools/engine/-/engine-3.6.10.tgz",
      "integrity": "sha512-Lrx9okZYa60PiRKymz535YtYV5DQhYoEJxl6HPx1p9cT7thItZe/AEgFBE6hDkastT42Em8s6Vq3bhHIsA40Iw==",
      "dev": true,
      "dependencies": {
        "@dimforge/rapier3d-compat": "^0.9.0",
        "flatbuffers": "2.0.4",
        "md5": "^2.3.0",
        "n8ao": "^1.4.2",
        "peerjs": "1.4.7",
        "postprocessing": "^6.30.1",
        "simplex-noise": "^4.0.1",
        "stats.js": "^0.17.0",
        "three": "npm:@needle-tools/three@^0.146.9",
        "three-mesh-ui": "npm:@needle-tools/three-mesh-ui@^7.1.4",
        "three.quarks": "^0.7.3",
        "uuid": "^9.0.0",
        "websocket-ts": "^1.1.1"
      }
    },
    "node_modules/@swc/helpers": {
      "version": "0.3.17",
      "dev": true,
      "license": "MIT",
      "dependencies": {
        "tslib": "^2.4.0"
      }
    },
    "node_modules/charenc": {
      "version": "0.0.2",
      "dev": true,
      "license": "BSD-3-Clause",
      "engines": {
        "node": "*"
      }
    },
    "node_modules/crypt": {
      "version": "0.0.2",
      "dev": true,
      "license": "BSD-3-Clause",
      "engines": {
        "node": "*"
      }
    },
    "node_modules/eventemitter3": {
      "version": "4.0.7",
      "dev": true,
      "license": "MIT"
    },
    "node_modules/flatbuffers": {
      "version": "2.0.4",
      "dev": true,
      "license": "SEE LICENSE IN LICENSE.txt"
    },
    "node_modules/is-buffer": {
      "version": "1.1.6",
      "dev": true,
      "license": "MIT"
    },
    "node_modules/md5": {
      "version": "2.3.0",
      "dev": true,
      "license": "BSD-3-Clause",
      "dependencies": {
        "charenc": "0.0.2",
        "crypt": "0.0.2",
        "is-buffer": "~1.1.6"
      }
    },
    "node_modules/n8ao": {
      "version": "1.4.4",
      "dev": true,
      "license": "ISC",
      "peerDependencies": {
        "postprocessing": ">=6.30.0",
        "three": ">=0.137"
      }
    },
    "node_modules/peerjs": {
      "version": "1.4.7",
      "dev": true,
      "license": "MIT",
      "dependencies": {
        "@swc/helpers": "^0.3.13",
        "eventemitter3": "^4.0.7",
        "peerjs-js-binarypack": "1.0.1",
        "webrtc-adapter": "^7.7.1"
      },
      "engines": {
        "node": ">= 10"
      },
      "funding": {
        "type": "opencollective",
        "url": "https://opencollective.com/peer"
      }
    },
    "node_modules/peerjs-js-binarypack": {
      "version": "1.0.1",
      "dev": true,
      "license": "BSD"
    },
    "node_modules/postprocessing": {
      "version": "6.31.0",
      "dev": true,
      "license": "Zlib",
      "engines": {
        "node": ">= 0.13.2"
      },
      "peerDependencies": {
        "three": ">= 0.138.0 < 0.153.0"
      }
    },
    "node_modules/rtcpeerconnection-shim": {
      "version": "1.2.15",
      "dev": true,
      "license": "BSD-3-Clause",
      "dependencies": {
        "sdp": "^2.6.0"
      },
      "engines": {
        "node": ">=6.0.0",
        "npm": ">=3.10.0"
      }
    },
    "node_modules/sdp": {
      "version": "2.12.0",
      "dev": true,
      "license": "MIT"
    },
    "node_modules/simplex-noise": {
      "version": "4.0.1",
      "dev": true,
      "license": "MIT"
    },
    "node_modules/stats.js": {
      "version": "0.17.0",
      "dev": true,
      "license": "MIT"
    },
    "node_modules/three": {
      "name": "@needle-tools/three",
      "version": "0.146.10",
      "resolved": "https://registry.npmjs.org/@needle-tools/three/-/three-0.146.10.tgz",
      "integrity": "sha512-gr7j/5JZGMiYLIzcFWU3yGTlsHHssZV+e22CGqh4X9LUljkHdvuFmsCMVrJqGJX+qBTxH2NyZjkvEzorcKVL2g==",
      "dev": true
    },
    "node_modules/three-mesh-ui": {
      "name": "@needle-tools/three-mesh-ui",
      "version": "7.1.4",
      "dev": true,
      "license": "MIT",
      "engines": {
        "node": "x.x.x"
      },
      "peerDependencies": {
        "three": ">= 0.132.1 < 0.149.0"
      }
    },
    "node_modules/three.quarks": {
      "version": "0.7.3",
      "dev": true,
      "license": "MIT",
      "dependencies": {
        "three": "^0.146.0"
      }
    },
    "node_modules/tslib": {
      "version": "2.5.2",
      "dev": true,
      "license": "0BSD"
    },
    "node_modules/uuid": {
      "version": "9.0.0",
      "dev": true,
      "license": "MIT",
      "bin": {
        "uuid": "dist/bin/uuid"
      }
    },
    "node_modules/webrtc-adapter": {
      "version": "7.7.1",
      "dev": true,
      "license": "BSD-3-Clause",
      "dependencies": {
        "rtcpeerconnection-shim": "^1.2.15",
        "sdp": "^2.12.0"
      },
      "engines": {
        "node": ">=6.0.0",
        "npm": ">=3.10.0"
      }
    },
    "node_modules/websocket-ts": {
      "version": "1.1.1",
      "dev": true,
      "license": "MIT"
    }
  }
}
