{
  "name": "needle.spatialaudio",
  "version": "1.0.0",
  "lockfileVersion": 2,
  "requires": true,
  "packages": {
    "": {
      "name": "needle.spatialaudio",
      "version": "1.0.0",
      "devDependencies": {
        "@needle-tools/engine": "file:D:\\git\\needle\\needle-tiny-playground\\modules\\needle-tiny\\js\\package~",
        "three": "npm:@needle-tools/three@0.146.7"
      },
      "peerDependencies": {
        "@needle-tools/engine": "^3.0.1-alpha.4",
        "three": "npm:@needle-tools/three@0.146.7"
      }
    },
    "D:/git/needle/needle-tiny-playground/modules/needle-tiny/js/package~": {
      "dev": true
    },
    "node_modules/@needle-tools/engine": {
      "resolved": "D:/git/needle/needle-tiny-playground/modules/needle-tiny/js/package~",
      "link": true
    },
    "node_modules/three": {
      "name": "@needle-tools/three",
      "version": "0.146.7",
      "resolved": "https://registry.npmjs.org/@needle-tools/three/-/three-0.146.7.tgz",
      "integrity": "sha512-fKgaBM+HNqJDcGRWXfZyM2lrypgVB/hyN43cjZddVu7Ks4rYBpRpSexc5vYREO7rZ1naclWtJSIojk2vz6KiIg==",
      "dev": true
    }
  },
  "dependencies": {
    "@needle-tools/engine": {
      "version": "file:D:/git/needle/needle-tiny-playground/modules/needle-tiny/js/package~"
    },
    "three": {
      "version": "npm:@needle-tools/three@0.146.7",
      "resolved": "https://registry.npmjs.org/@needle-tools/three/-/three-0.146.7.tgz",
      "integrity": "sha512-fKgaBM+HNqJDcGRWXfZyM2lrypgVB/hyN43cjZddVu7Ks4rYBpRpSexc5vYREO7rZ1naclWtJSIojk2vz6KiIg==",
      "dev": true
    }
  }
}
