{
  "name": "needle.samples.pendata",
  "version": "1.0.0",
  "lockfileVersion": 2,
  "requires": true,
  "packages": {
    "": {
      "name": "needle.samples.pendata",
      "version": "1.0.0",
      "devDependencies": {
        "@needle-tools/engine": "file:H:\\git\\needle\\needle-engine-dev\\modules\\needle-engine\\js\\package~",
        "@types/three": "0.154.0",
        "three": "npm:@needle-tools/three@^0.154.2"
      },
      "peerDependencies": {
        "@needle-tools/engine": "^3.11.2-beta",
        "three": "npm:@needle-tools/three@^0.154.2"
      }
    },
    "../../../../../needle-engine/js/package~": {
      "version": "3.11.2-beta",
      "dev": true,
      "dependencies": {
        "@dimforge/rapier3d-compat": "^0.9.0",
        "flatbuffers": "2.0.4",
        "md5": "^2.3.0",
        "n8ao": "^1.4.2",
        "peerjs": "1.4.7",
        "postprocessing": "^6.32.1",
        "simplex-noise": "^4.0.1",
        "stats.js": "^0.17.0",
        "three": "npm:@needle-tools/three@^0.154.1",
        "three-mesh-ui": "npm:@needle-tools/three-mesh-ui@^7.1.5-alpha.3",
        "three.quarks": "^0.7.3",
        "uuid": "^9.0.0",
        "websocket-ts": "^1.1.1"
      },
      "devDependencies": {
        "@babel/runtime": "^7.16.0",
        "@luncheon/esbuild-plugin-gzip": "^0.1.0",
        "@needle-tools/helper": "^0.10.1",
        "@needle-tools/needle-component-compiler": "1.9.3",
        "@types/three": "0.154.0",
        "@typescript-eslint/eslint-plugin": "^6.2.0",
        "@typescript-eslint/parser": "^6.2.0",
        "esbuild": "^0.15.10",
        "esbuild-node-externals": "^1.5.0",
        "eslint": "^8.45.0",
        "eslint-plugin-import": "^2.28.0",
        "filehound": "^1.17.6",
        "fs-extra": "^11.1.1",
        "howfat": "^0.3.7",
        "jsdoc-babel": "^0.5.0",
        "jsdoc-to-markdown": "^7.1.1",
        "madge": "^5.0.1",
        "npm-watch": "^0.11.0",
        "typescript": "^4.5.5",
        "vite": "<= 4.3.9"
      }
    },
    "node_modules/@needle-tools/engine": {
      "resolved": "../../../../../needle-engine/js/package~",
      "link": true
    },
    "node_modules/@tweenjs/tween.js": {
      "version": "18.6.4",
      "resolved": "https://registry.npmjs.org/@tweenjs/tween.js/-/tween.js-18.6.4.tgz",
      "integrity": "sha512-lB9lMjuqjtuJrx7/kOkqQBtllspPIN+96OvTCeJ2j5FEzinoAXTdAMFnDAQT1KVPRlnYfBrqxtqP66vDM40xxQ==",
      "dev": true
    },
    "node_modules/@types/stats.js": {
      "version": "0.17.0",
      "resolved": "https://registry.npmjs.org/@types/stats.js/-/stats.js-0.17.0.tgz",
      "integrity": "sha512-9w+a7bR8PeB0dCT/HBULU2fMqf6BAzvKbxFboYhmDtDkKPiyXYbjoe2auwsXlEFI7CFNMF1dCv3dFH5Poy9R1w==",
      "dev": true
    },
    "node_modules/@types/three": {
      "version": "0.154.0",
      "resolved": "https://registry.npmjs.org/@types/three/-/three-0.154.0.tgz",
      "integrity": "sha512-IioqpGhch6FdLDh4zazRn3rXHj6Vn2nVOziJdXVbJFi9CaI65LtP9qqUtpzbsHK2Ezlox8NtsLNHSw3AQzucjA==",
      "dev": true,
      "dependencies": {
        "@tweenjs/tween.js": "~18.6.4",
        "@types/stats.js": "*",
        "@types/webxr": "*",
        "fflate": "~0.6.9",
        "lil-gui": "~0.17.0",
        "meshoptimizer": "~0.18.1"
      }
    },
    "node_modules/@types/webxr": {
      "version": "0.5.2",
      "resolved": "https://registry.npmjs.org/@types/webxr/-/webxr-0.5.2.tgz",
      "integrity": "sha512-szL74BnIcok9m7QwYtVmQ+EdIKwbjPANudfuvDrAF8Cljg9MKUlIoc1w5tjj9PMpeSH3U1Xnx//czQybJ0EfSw==",
      "dev": true
    },
    "node_modules/fflate": {
      "version": "0.6.10",
      "resolved": "https://registry.npmjs.org/fflate/-/fflate-0.6.10.tgz",
      "integrity": "sha512-IQrh3lEPM93wVCEczc9SaAOvkmcoQn/G8Bo1e8ZPlY3X3bnAxWaBdvTdvM1hP62iZp0BXWDy4vTAy4fF0+Dlpg==",
      "dev": true
    },
    "node_modules/lil-gui": {
      "version": "0.17.0",
      "resolved": "https://registry.npmjs.org/lil-gui/-/lil-gui-0.17.0.tgz",
      "integrity": "sha512-MVBHmgY+uEbmJNApAaPbtvNh1RCAeMnKym82SBjtp5rODTYKWtM+MXHCifLe2H2Ti1HuBGBtK/5SyG4ShQ3pUQ==",
      "dev": true
    },
    "node_modules/meshoptimizer": {
      "version": "0.18.1",
      "resolved": "https://registry.npmjs.org/meshoptimizer/-/meshoptimizer-0.18.1.tgz",
      "integrity": "sha512-ZhoIoL7TNV4s5B6+rx5mC//fw8/POGyNxS/DZyCJeiZ12ScLfVwRE/GfsxwiTkMYYD5DmK2/JXnEVXqL4rF+Sw==",
      "dev": true
    },
    "node_modules/three": {
      "name": "@needle-tools/three",
      "version": "0.154.2",
      "resolved": "https://registry.npmjs.org/@needle-tools/three/-/three-0.154.2.tgz",
      "integrity": "sha512-W97897Isw+OFRK2sloHUvyKBtxuRxFh61XjWFDmQmkxKUcttfsZSyoIhQ7KAN3jGtWBuMNCg1r2WZVw2GRleDw==",
      "dev": true
    }
  },
  "dependencies": {
    "@needle-tools/engine": {
      "version": "file:../../../../../needle-engine/js/package~",
      "requires": {
        "@babel/runtime": "^7.16.0",
        "@dimforge/rapier3d-compat": "^0.9.0",
        "@luncheon/esbuild-plugin-gzip": "^0.1.0",
        "@needle-tools/helper": "^0.10.1",
        "@needle-tools/needle-component-compiler": "1.9.3",
        "@types/three": "0.154.0",
        "@typescript-eslint/eslint-plugin": "^6.2.0",
        "@typescript-eslint/parser": "^6.2.0",
        "esbuild": "^0.15.10",
        "esbuild-node-externals": "^1.5.0",
        "eslint": "^8.45.0",
        "eslint-plugin-import": "^2.28.0",
        "filehound": "^1.17.6",
        "flatbuffers": "2.0.4",
        "fs-extra": "^11.1.1",
        "howfat": "^0.3.7",
        "jsdoc-babel": "^0.5.0",
        "jsdoc-to-markdown": "^7.1.1",
        "madge": "^5.0.1",
        "md5": "^2.3.0",
        "n8ao": "^1.4.2",
        "npm-watch": "^0.11.0",
        "peerjs": "1.4.7",
        "postprocessing": "^6.32.1",
        "simplex-noise": "^4.0.1",
        "stats.js": "^0.17.0",
        "three": "npm:@needle-tools/three@^0.154.1",
        "three-mesh-ui": "npm:@needle-tools/three-mesh-ui@^7.1.5-alpha.3",
        "three.quarks": "^0.7.3",
        "typescript": "^4.5.5",
        "uuid": "^9.0.0",
        "vite": "<= 4.3.9",
        "websocket-ts": "^1.1.1"
      }
    },
    "@tweenjs/tween.js": {
      "version": "18.6.4",
      "resolved": "https://registry.npmjs.org/@tweenjs/tween.js/-/tween.js-18.6.4.tgz",
      "integrity": "sha512-lB9lMjuqjtuJrx7/kOkqQBtllspPIN+96OvTCeJ2j5FEzinoAXTdAMFnDAQT1KVPRlnYfBrqxtqP66vDM40xxQ==",
      "dev": true
    },
    "@types/stats.js": {
      "version": "0.17.0",
      "resolved": "https://registry.npmjs.org/@types/stats.js/-/stats.js-0.17.0.tgz",
      "integrity": "sha512-9w+a7bR8PeB0dCT/HBULU2fMqf6BAzvKbxFboYhmDtDkKPiyXYbjoe2auwsXlEFI7CFNMF1dCv3dFH5Poy9R1w==",
      "dev": true
    },
    "@types/three": {
      "version": "0.154.0",
      "resolved": "https://registry.npmjs.org/@types/three/-/three-0.154.0.tgz",
      "integrity": "sha512-IioqpGhch6FdLDh4zazRn3rXHj6Vn2nVOziJdXVbJFi9CaI65LtP9qqUtpzbsHK2Ezlox8NtsLNHSw3AQzucjA==",
      "dev": true,
      "requires": {
        "@tweenjs/tween.js": "~18.6.4",
        "@types/stats.js": "*",
        "@types/webxr": "*",
        "fflate": "~0.6.9",
        "lil-gui": "~0.17.0",
        "meshoptimizer": "~0.18.1"
      }
    },
    "@types/webxr": {
      "version": "0.5.2",
      "resolved": "https://registry.npmjs.org/@types/webxr/-/webxr-0.5.2.tgz",
      "integrity": "sha512-szL74BnIcok9m7QwYtVmQ+EdIKwbjPANudfuvDrAF8Cljg9MKUlIoc1w5tjj9PMpeSH3U1Xnx//czQybJ0EfSw==",
      "dev": true
    },
    "fflate": {
      "version": "0.6.10",
      "resolved": "https://registry.npmjs.org/fflate/-/fflate-0.6.10.tgz",
      "integrity": "sha512-IQrh3lEPM93wVCEczc9SaAOvkmcoQn/G8Bo1e8ZPlY3X3bnAxWaBdvTdvM1hP62iZp0BXWDy4vTAy4fF0+Dlpg==",
      "dev": true
    },
    "lil-gui": {
      "version": "0.17.0",
      "resolved": "https://registry.npmjs.org/lil-gui/-/lil-gui-0.17.0.tgz",
      "integrity": "sha512-MVBHmgY+uEbmJNApAaPbtvNh1RCAeMnKym82SBjtp5rODTYKWtM+MXHCifLe2H2Ti1HuBGBtK/5SyG4ShQ3pUQ==",
      "dev": true
    },
    "meshoptimizer": {
      "version": "0.18.1",
      "resolved": "https://registry.npmjs.org/meshoptimizer/-/meshoptimizer-0.18.1.tgz",
      "integrity": "sha512-ZhoIoL7TNV4s5B6+rx5mC//fw8/POGyNxS/DZyCJeiZ12ScLfVwRE/GfsxwiTkMYYD5DmK2/JXnEVXqL4rF+Sw==",
      "dev": true
    },
    "three": {
      "version": "npm:@needle-tools/three@0.154.2",
      "resolved": "https://registry.npmjs.org/@needle-tools/three/-/three-0.154.2.tgz",
      "integrity": "sha512-W97897Isw+OFRK2sloHUvyKBtxuRxFh61XjWFDmQmkxKUcttfsZSyoIhQ7KAN3jGtWBuMNCg1r2WZVw2GRleDw==",
      "dev": true
    }
  }
}
