{
  "name": "DynamicContent",
  "version": "1.0.0",
  "lockfileVersion": 3,
  "requires": true,
  "packages": {
    "": {
      "name": "DynamicContent",
      "version": "1.0.0",
      "devDependencies": {
        "@needle-tools/engine": "../../../../../../../Projects/SamplesWork/Library/PackageCache/com.needle.engine@2.67.17/package~",
        "@types/three": "0.146.0",
        "three": "../../../../../../../Projects/SamplesWork/Library/PackageCache/com.needle.engine@2.67.17/package~/node_modules/three"
      },
      "peerDependencies": {
        "@needle-tools/engine": ">= 1.0.0-pre",
        "three": "^0.130"
      }
    },
    "../../../../../../../Projects/SamplesWork/Library/PackageCache/com.needle.engine@2.67.17/package~": {
      "name": "@needle-tools/engine",
      "version": "2.67.17",
      "dev": true,
      "dependencies": {
        "@dimforge/rapier3d-compat": "^0.9.0",
        "flatbuffers": "2.0.4",
        "md5": "^2.3.0",
        "peerjs": "1.3.2",
        "postprocessing": "^6.30.1",
        "simplex-noise": "^4.0.1",
        "stats.js": "^0.17.0",
        "three": "npm:@needle-tools/three@^0.146.7",
        "three-mesh-ui": "^6.4.5",
        "three.quarks": "^0.7.3",
        "uuid": "^9.0.0",
        "websocket-ts": "^1.1.1"
      },
      "devDependencies": {
        "@babel/runtime": "^7.16.0",
        "@luncheon/esbuild-plugin-gzip": "^0.1.0",
        "@needle-tools/gltf-transform-extensions": "^0.11.2-pre",
        "@needle-tools/helper": "^0.4.5",
        "@needle-tools/needle-component-compiler": "1.9.3",
        "@types/three": "0.146.0",
        "esbuild": "^0.15.10",
        "esbuild-node-externals": "^1.5.0",
        "fs-extra": "^11.1.1",
        "jsdoc-babel": "^0.5.0",
        "jsdoc-to-markdown": "^7.1.1",
        "madge": "^5.0.1",
        "msdf-bmfont-xml": "^2.7.0",
        "npm-watch": "^0.11.0",
        "typescript": "^4.5.5",
        "vite": "^4.0.4"
      }
    },
    "../../../../../../../Projects/SamplesWork/Library/PackageCache/com.needle.engine@2.67.17/package~/node_modules/three": {
      "name": "@needle-tools/three",
      "version": "0.146.7",
      "dev": true,
      "license": "MIT"
    },
    "node_modules/@needle-tools/engine": {
      "resolved": "../../../../../../../Projects/SamplesWork/Library/PackageCache/com.needle.engine@2.67.17/package~",
      "link": true
    },
    "node_modules/@types/three": {
      "version": "0.146.0",
      "resolved": "https://registry.npmjs.org/@types/three/-/three-0.146.0.tgz",
      "integrity": "sha512-75AgysUrIvTCB054eQa2pDVFurfeFW8CrMQjpzjt3yHBfuuknoSvvsESd/3EhQxPrz9si3+P0wiDUVsWUlljfA==",
      "dev": true,
      "dependencies": {
        "@types/webxr": "*"
      }
    },
    "node_modules/@types/webxr": {
      "version": "0.5.1",
      "resolved": "https://registry.npmjs.org/@types/webxr/-/webxr-0.5.1.tgz",
      "integrity": "sha512-xlFXPfgJR5vIuDefhaHuUM9uUgvPaXB6GKdXy2gdEh8gBWQZ2ul24AJz3foUd8NNKlSTQuWYJpCb1/pL81m1KQ==",
      "dev": true
    },
    "node_modules/three": {
      "resolved": "../../../../../../../Projects/SamplesWork/Library/PackageCache/com.needle.engine@2.67.17/package~/node_modules/three",
      "link": true
    }
  }
}
