{
  "name": "needle.vrm",
  "version": "1.0.0",
  "lockfileVersion": 3,
  "requires": true,
  "packages": {
    "": {
      "name": "needle.vrm",
      "version": "1.0.0",
      "dependencies": {
        "@pixiv/three-vrm": "3.3.4",
        "sharp": "^0.33.4"
      },
      "devDependencies": {
        "@types/three": "0.169.0"
      },
      "peerDependencies": {
        "@needle-tools/engine": "file:C:\\git\\needle-engine-dev\\modules\\needle-engine\\js\\package~",
        "three": "npm:@needle-tools/three@^0.169.4"
      }
    },
    "../../../../../needle-engine/js/package~": {
      "name": "@needle-tools/engine",
      "version": "4.1.0-beta.1",
      "peer": true,
      "dependencies": {
        "@dimforge/rapier3d-compat": "^0.14.0",
        "@needle-tools/gltf-progressive": "file:../../modules/gltf-progressive",
        "@webxr-input-profiles/motion-controllers": "^1.0.0",
        "flatbuffers": "2.0.4",
        "md5": "^2.3.0",
        "n8ao": "^1.9.3",
        "peerjs": "1.4.7",
        "postprocessing": "^6.36.6",
        "simplex-noise": "^4.0.1",
        "stats.js": "^0.17.0",
        "three": "npm:@needle-tools/three@^0.169.4",
        "three-mesh-bvh": "^0.8.3",
        "three-mesh-ui": "npm:@needle-tools/three-mesh-ui@^7.1.5-alpha.5",
        "three.quarks": "0.15.6",
        "uuid": "^9.0.0",
        "websocket-ts": "^2.1.5"
      },
      "devDependencies": {
        "@babel/runtime": "^7.16.0",
        "@luncheon/esbuild-plugin-gzip": "^0.1.0",
        "@needle-tools/helper": "^1.8.0",
        "@needle-tools/needle-component-compiler": "^1.9.3",
        "@stylistic/eslint-plugin-ts": "^1.5.4",
        "@types/node": "^20.14.8",
        "@types/three": "0.169.0",
        "@typescript-eslint/eslint-plugin": "^6.2.0",
        "@typescript-eslint/parser": "^6.2.0",
        "esbuild": "^0.15.10",
        "esbuild-node-externals": "^1.5.0",
        "eslint": "^8.56.0",
        "eslint-plugin-deprecation": "^3.0.0",
        "eslint-plugin-import": "^2.29.1",
        "eslint-plugin-no-secrets": "^0.8.9",
        "eslint-plugin-no-unsanitized": "^4.0.2",
        "eslint-plugin-promise": "^6.1.1",
        "eslint-plugin-simple-import-sort": "^10.0.0",
        "eslint-plugin-xss": "^0.1.12",
        "filehound": "^1.17.6",
        "fs-extra": "^11.1.1",
        "ftp-deploy": "^2.4.4",
        "howfat": "^0.3.7",
        "jsdoc-babel": "^0.5.0",
        "jsdoc-to-markdown": "^7.1.1",
        "madge": "^5.0.1",
        "npm-watch": "^0.11.0",
        "typescript": "^4.5.5",
        "vite": "<= 4.3.9"
      },
      "peerDependencies": {
        "open": "^10.1.0"
      }
    },
    "node_modules/@emnapi/runtime": {
      "version": "1.3.1",
      "resolved": "https://registry.npmjs.org/@emnapi/runtime/-/runtime-1.3.1.tgz",
      "integrity": "sha512-kEBmG8KyqtxJZv+ygbEim+KCGtIq1fC22Ms3S4ziXmYKm8uyoLX0MHONVKwp+9opg390VaKRNt4a7A9NwmpNhw==",
      "license": "MIT",
      "optional": true,
      "dependencies": {
        "tslib": "^2.4.0"
      }
    },
    "node_modules/@img/sharp-darwin-arm64": {
      "version": "0.33.5",
      "resolved": "https://registry.npmjs.org/@img/sharp-darwin-arm64/-/sharp-darwin-arm64-0.33.5.tgz",
      "integrity": "sha512-UT4p+iz/2H4twwAoLCqfA9UH5pI6DggwKEGuaPy7nCVQ8ZsiY5PIcrRvD1DzuY3qYL07NtIQcWnBSY/heikIFQ==",
      "cpu": [
        "arm64"
      ],
      "license": "Apache-2.0",
      "optional": true,
      "os": [
        "darwin"
      ],
      "engines": {
        "node": "^18.17.0 || ^20.3.0 || >=21.0.0"
      },
      "funding": {
        "url": "https://opencollective.com/libvips"
      },
      "optionalDependencies": {
        "@img/sharp-libvips-darwin-arm64": "1.0.4"
      }
    },
    "node_modules/@img/sharp-darwin-x64": {
      "version": "0.33.5",
      "resolved": "https://registry.npmjs.org/@img/sharp-darwin-x64/-/sharp-darwin-x64-0.33.5.tgz",
      "integrity": "sha512-fyHac4jIc1ANYGRDxtiqelIbdWkIuQaI84Mv45KvGRRxSAa7o7d1ZKAOBaYbnepLC1WqxfpimdeWfvqqSGwR2Q==",
      "cpu": [
        "x64"
      ],
      "license": "Apache-2.0",
      "optional": true,
      "os": [
        "darwin"
      ],
      "engines": {
        "node": "^18.17.0 || ^20.3.0 || >=21.0.0"
      },
      "funding": {
        "url": "https://opencollective.com/libvips"
      },
      "optionalDependencies": {
        "@img/sharp-libvips-darwin-x64": "1.0.4"
      }
    },
    "node_modules/@img/sharp-libvips-darwin-arm64": {
      "version": "1.0.4",
      "resolved": "https://registry.npmjs.org/@img/sharp-libvips-darwin-arm64/-/sharp-libvips-darwin-arm64-1.0.4.tgz",
      "integrity": "sha512-XblONe153h0O2zuFfTAbQYAX2JhYmDHeWikp1LM9Hul9gVPjFY427k6dFEcOL72O01QxQsWi761svJ/ev9xEDg==",
      "cpu": [
        "arm64"
      ],
      "license": "LGPL-3.0-or-later",
      "optional": true,
      "os": [
        "darwin"
      ],
      "funding": {
        "url": "https://opencollective.com/libvips"
      }
    },
    "node_modules/@img/sharp-libvips-darwin-x64": {
      "version": "1.0.4",
      "resolved": "https://registry.npmjs.org/@img/sharp-libvips-darwin-x64/-/sharp-libvips-darwin-x64-1.0.4.tgz",
      "integrity": "sha512-xnGR8YuZYfJGmWPvmlunFaWJsb9T/AO2ykoP3Fz/0X5XV2aoYBPkX6xqCQvUTKKiLddarLaxpzNe+b1hjeWHAQ==",
      "cpu": [
        "x64"
      ],
      "license": "LGPL-3.0-or-later",
      "optional": true,
      "os": [
        "darwin"
      ],
      "funding": {
        "url": "https://opencollective.com/libvips"
      }
    },
    "node_modules/@img/sharp-libvips-linux-arm": {
      "version": "1.0.5",
      "resolved": "https://registry.npmjs.org/@img/sharp-libvips-linux-arm/-/sharp-libvips-linux-arm-1.0.5.tgz",
      "integrity": "sha512-gvcC4ACAOPRNATg/ov8/MnbxFDJqf/pDePbBnuBDcjsI8PssmjoKMAz4LtLaVi+OnSb5FK/yIOamqDwGmXW32g==",
      "cpu": [
        "arm"
      ],
      "license": "LGPL-3.0-or-later",
      "optional": true,
      "os": [
        "linux"
      ],
      "funding": {
        "url": "https://opencollective.com/libvips"
      }
    },
    "node_modules/@img/sharp-libvips-linux-arm64": {
      "version": "1.0.4",
      "resolved": "https://registry.npmjs.org/@img/sharp-libvips-linux-arm64/-/sharp-libvips-linux-arm64-1.0.4.tgz",
      "integrity": "sha512-9B+taZ8DlyyqzZQnoeIvDVR/2F4EbMepXMc/NdVbkzsJbzkUjhXv/70GQJ7tdLA4YJgNP25zukcxpX2/SueNrA==",
      "cpu": [
        "arm64"
      ],
      "license": "LGPL-3.0-or-later",
      "optional": true,
      "os": [
        "linux"
      ],
      "funding": {
        "url": "https://opencollective.com/libvips"
      }
    },
    "node_modules/@img/sharp-libvips-linux-s390x": {
      "version": "1.0.4",
      "resolved": "https://registry.npmjs.org/@img/sharp-libvips-linux-s390x/-/sharp-libvips-linux-s390x-1.0.4.tgz",
      "integrity": "sha512-u7Wz6ntiSSgGSGcjZ55im6uvTrOxSIS8/dgoVMoiGE9I6JAfU50yH5BoDlYA1tcuGS7g/QNtetJnxA6QEsCVTA==",
      "cpu": [
        "s390x"
      ],
      "license": "LGPL-3.0-or-later",
      "optional": true,
      "os": [
        "linux"
      ],
      "funding": {
        "url": "https://opencollective.com/libvips"
      }
    },
    "node_modules/@img/sharp-libvips-linux-x64": {
      "version": "1.0.4",
      "resolved": "https://registry.npmjs.org/@img/sharp-libvips-linux-x64/-/sharp-libvips-linux-x64-1.0.4.tgz",
      "integrity": "sha512-MmWmQ3iPFZr0Iev+BAgVMb3ZyC4KeFc3jFxnNbEPas60e1cIfevbtuyf9nDGIzOaW9PdnDciJm+wFFaTlj5xYw==",
      "cpu": [
        "x64"
      ],
      "license": "LGPL-3.0-or-later",
      "optional": true,
      "os": [
        "linux"
      ],
      "funding": {
        "url": "https://opencollective.com/libvips"
      }
    },
    "node_modules/@img/sharp-libvips-linuxmusl-arm64": {
      "version": "1.0.4",
      "resolved": "https://registry.npmjs.org/@img/sharp-libvips-linuxmusl-arm64/-/sharp-libvips-linuxmusl-arm64-1.0.4.tgz",
      "integrity": "sha512-9Ti+BbTYDcsbp4wfYib8Ctm1ilkugkA/uscUn6UXK1ldpC1JjiXbLfFZtRlBhjPZ5o1NCLiDbg8fhUPKStHoTA==",
      "cpu": [
        "arm64"
      ],
      "license": "LGPL-3.0-or-later",
      "optional": true,
      "os": [
        "linux"
      ],
      "funding": {
        "url": "https://opencollective.com/libvips"
      }
    },
    "node_modules/@img/sharp-libvips-linuxmusl-x64": {
      "version": "1.0.4",
      "resolved": "https://registry.npmjs.org/@img/sharp-libvips-linuxmusl-x64/-/sharp-libvips-linuxmusl-x64-1.0.4.tgz",
      "integrity": "sha512-viYN1KX9m+/hGkJtvYYp+CCLgnJXwiQB39damAO7WMdKWlIhmYTfHjwSbQeUK/20vY154mwezd9HflVFM1wVSw==",
      "cpu": [
        "x64"
      ],
      "license": "LGPL-3.0-or-later",
      "optional": true,
      "os": [
        "linux"
      ],
      "funding": {
        "url": "https://opencollective.com/libvips"
      }
    },
    "node_modules/@img/sharp-linux-arm": {
      "version": "0.33.5",
      "resolved": "https://registry.npmjs.org/@img/sharp-linux-arm/-/sharp-linux-arm-0.33.5.tgz",
      "integrity": "sha512-JTS1eldqZbJxjvKaAkxhZmBqPRGmxgu+qFKSInv8moZ2AmT5Yib3EQ1c6gp493HvrvV8QgdOXdyaIBrhvFhBMQ==",
      "cpu": [
        "arm"
      ],
      "license": "Apache-2.0",
      "optional": true,
      "os": [
        "linux"
      ],
      "engines": {
        "node": "^18.17.0 || ^20.3.0 || >=21.0.0"
      },
      "funding": {
        "url": "https://opencollective.com/libvips"
      },
      "optionalDependencies": {
        "@img/sharp-libvips-linux-arm": "1.0.5"
      }
    },
    "node_modules/@img/sharp-linux-arm64": {
      "version": "0.33.5",
      "resolved": "https://registry.npmjs.org/@img/sharp-linux-arm64/-/sharp-linux-arm64-0.33.5.tgz",
      "integrity": "sha512-JMVv+AMRyGOHtO1RFBiJy/MBsgz0x4AWrT6QoEVVTyh1E39TrCUpTRI7mx9VksGX4awWASxqCYLCV4wBZHAYxA==",
      "cpu": [
        "arm64"
      ],
      "license": "Apache-2.0",
      "optional": true,
      "os": [
        "linux"
      ],
      "engines": {
        "node": "^18.17.0 || ^20.3.0 || >=21.0.0"
      },
      "funding": {
        "url": "https://opencollective.com/libvips"
      },
      "optionalDependencies": {
        "@img/sharp-libvips-linux-arm64": "1.0.4"
      }
    },
    "node_modules/@img/sharp-linux-s390x": {
      "version": "0.33.5",
      "resolved": "https://registry.npmjs.org/@img/sharp-linux-s390x/-/sharp-linux-s390x-0.33.5.tgz",
      "integrity": "sha512-y/5PCd+mP4CA/sPDKl2961b+C9d+vPAveS33s6Z3zfASk2j5upL6fXVPZi7ztePZ5CuH+1kW8JtvxgbuXHRa4Q==",
      "cpu": [
        "s390x"
      ],
      "license": "Apache-2.0",
      "optional": true,
      "os": [
        "linux"
      ],
      "engines": {
        "node": "^18.17.0 || ^20.3.0 || >=21.0.0"
      },
      "funding": {
        "url": "https://opencollective.com/libvips"
      },
      "optionalDependencies": {
        "@img/sharp-libvips-linux-s390x": "1.0.4"
      }
    },
    "node_modules/@img/sharp-linux-x64": {
      "version": "0.33.5",
      "resolved": "https://registry.npmjs.org/@img/sharp-linux-x64/-/sharp-linux-x64-0.33.5.tgz",
      "integrity": "sha512-opC+Ok5pRNAzuvq1AG0ar+1owsu842/Ab+4qvU879ippJBHvyY5n2mxF1izXqkPYlGuP/M556uh53jRLJmzTWA==",
      "cpu": [
        "x64"
      ],
      "license": "Apache-2.0",
      "optional": true,
      "os": [
        "linux"
      ],
      "engines": {
        "node": "^18.17.0 || ^20.3.0 || >=21.0.0"
      },
      "funding": {
        "url": "https://opencollective.com/libvips"
      },
      "optionalDependencies": {
        "@img/sharp-libvips-linux-x64": "1.0.4"
      }
    },
    "node_modules/@img/sharp-linuxmusl-arm64": {
      "version": "0.33.5",
      "resolved": "https://registry.npmjs.org/@img/sharp-linuxmusl-arm64/-/sharp-linuxmusl-arm64-0.33.5.tgz",
      "integrity": "sha512-XrHMZwGQGvJg2V/oRSUfSAfjfPxO+4DkiRh6p2AFjLQztWUuY/o8Mq0eMQVIY7HJ1CDQUJlxGGZRw1a5bqmd1g==",
      "cpu": [
        "arm64"
      ],
      "license": "Apache-2.0",
      "optional": true,
      "os": [
        "linux"
      ],
      "engines": {
        "node": "^18.17.0 || ^20.3.0 || >=21.0.0"
      },
      "funding": {
        "url": "https://opencollective.com/libvips"
      },
      "optionalDependencies": {
        "@img/sharp-libvips-linuxmusl-arm64": "1.0.4"
      }
    },
    "node_modules/@img/sharp-linuxmusl-x64": {
      "version": "0.33.5",
      "resolved": "https://registry.npmjs.org/@img/sharp-linuxmusl-x64/-/sharp-linuxmusl-x64-0.33.5.tgz",
      "integrity": "sha512-WT+d/cgqKkkKySYmqoZ8y3pxx7lx9vVejxW/W4DOFMYVSkErR+w7mf2u8m/y4+xHe7yY9DAXQMWQhpnMuFfScw==",
      "cpu": [
        "x64"
      ],
      "license": "Apache-2.0",
      "optional": true,
      "os": [
        "linux"
      ],
      "engines": {
        "node": "^18.17.0 || ^20.3.0 || >=21.0.0"
      },
      "funding": {
        "url": "https://opencollective.com/libvips"
      },
      "optionalDependencies": {
        "@img/sharp-libvips-linuxmusl-x64": "1.0.4"
      }
    },
    "node_modules/@img/sharp-wasm32": {
      "version": "0.33.5",
      "resolved": "https://registry.npmjs.org/@img/sharp-wasm32/-/sharp-wasm32-0.33.5.tgz",
      "integrity": "sha512-ykUW4LVGaMcU9lu9thv85CbRMAwfeadCJHRsg2GmeRa/cJxsVY9Rbd57JcMxBkKHag5U/x7TSBpScF4U8ElVzg==",
      "cpu": [
        "wasm32"
      ],
      "license": "Apache-2.0 AND LGPL-3.0-or-later AND MIT",
      "optional": true,
      "dependencies": {
        "@emnapi/runtime": "^1.2.0"
      },
      "engines": {
        "node": "^18.17.0 || ^20.3.0 || >=21.0.0"
      },
      "funding": {
        "url": "https://opencollective.com/libvips"
      }
    },
    "node_modules/@img/sharp-win32-ia32": {
      "version": "0.33.5",
      "resolved": "https://registry.npmjs.org/@img/sharp-win32-ia32/-/sharp-win32-ia32-0.33.5.tgz",
      "integrity": "sha512-T36PblLaTwuVJ/zw/LaH0PdZkRz5rd3SmMHX8GSmR7vtNSP5Z6bQkExdSK7xGWyxLw4sUknBuugTelgw2faBbQ==",
      "cpu": [
        "ia32"
      ],
      "license": "Apache-2.0 AND LGPL-3.0-or-later",
      "optional": true,
      "os": [
        "win32"
      ],
      "engines": {
        "node": "^18.17.0 || ^20.3.0 || >=21.0.0"
      },
      "funding": {
        "url": "https://opencollective.com/libvips"
      }
    },
    "node_modules/@img/sharp-win32-x64": {
      "version": "0.33.5",
      "resolved": "https://registry.npmjs.org/@img/sharp-win32-x64/-/sharp-win32-x64-0.33.5.tgz",
      "integrity": "sha512-MpY/o8/8kj+EcnxwvrP4aTJSWw/aZ7JIGR4aBeZkZw5B7/Jn+tY9/VNwtcoGmdT7GfggGIU4kygOMSbYnOrAbg==",
      "cpu": [
        "x64"
      ],
      "license": "Apache-2.0 AND LGPL-3.0-or-later",
      "optional": true,
      "os": [
        "win32"
      ],
      "engines": {
        "node": "^18.17.0 || ^20.3.0 || >=21.0.0"
      },
      "funding": {
        "url": "https://opencollective.com/libvips"
      }
    },
    "node_modules/@needle-tools/engine": {
      "resolved": "../../../../../needle-engine/js/package~",
      "link": true
    },
    "node_modules/@pixiv/three-vrm": {
      "version": "3.3.4",
      "resolved": "https://registry.npmjs.org/@pixiv/three-vrm/-/three-vrm-3.3.4.tgz",
      "integrity": "sha512-9i4JaVVXvs/FvMfrBDvHiHXejX6w1BsdYPpWKMBFHazHwQN5yFP7vUObKz6UPjivw+QVwIHfbKu+FqQsAMM41Q==",
      "license": "MIT",
      "dependencies": {
        "@pixiv/three-vrm-core": "3.3.4",
        "@pixiv/three-vrm-materials-hdr-emissive-multiplier": "3.3.4",
        "@pixiv/three-vrm-materials-mtoon": "3.3.4",
        "@pixiv/three-vrm-materials-v0compat": "3.3.4",
        "@pixiv/three-vrm-node-constraint": "3.3.4",
        "@pixiv/three-vrm-springbone": "3.3.4"
      },
      "peerDependencies": {
        "three": ">=0.137"
      }
    },
    "node_modules/@pixiv/three-vrm-core": {
      "version": "3.3.4",
      "resolved": "https://registry.npmjs.org/@pixiv/three-vrm-core/-/three-vrm-core-3.3.4.tgz",
      "integrity": "sha512-n+CIGoK91tRDr0j0fqdjRbmV3LTTUztSu7Qqk3FHef8elnZlxPqlfqjvrt17ucgTOstszoYefYlwyL1L+eaRug==",
      "license": "MIT",
      "dependencies": {
        "@pixiv/types-vrm-0.0": "3.3.4",
        "@pixiv/types-vrmc-vrm-1.0": "3.3.4"
      },
      "peerDependencies": {
        "three": ">=0.137"
      }
    },
    "node_modules/@pixiv/three-vrm-materials-hdr-emissive-multiplier": {
      "version": "3.3.4",
      "resolved": "https://registry.npmjs.org/@pixiv/three-vrm-materials-hdr-emissive-multiplier/-/three-vrm-materials-hdr-emissive-multiplier-3.3.4.tgz",
      "integrity": "sha512-IARBJuOdG7DpiHxko3pkcnySQOK5Rat3XpdTfsKj0gEZpgYeLkIG86Tc37l3p7/Si34XRUcs5hgp1z6QCCNi+w==",
      "license": "MIT",
      "dependencies": {
        "@pixiv/types-vrmc-materials-hdr-emissive-multiplier-1.0": "3.3.4"
      },
      "peerDependencies": {
        "three": ">=0.137"
      }
    },
    "node_modules/@pixiv/three-vrm-materials-mtoon": {
      "version": "3.3.4",
      "resolved": "https://registry.npmjs.org/@pixiv/three-vrm-materials-mtoon/-/three-vrm-materials-mtoon-3.3.4.tgz",
      "integrity": "sha512-lSOEkphxpZ8JpcCXSTX1ZCFn1fYSPNUwpMLocsyJUl5WKK7On5Y1mqCMyKeCdx58+1TF/Mh478Pwyp4a5ltKWg==",
      "license": "MIT",
      "dependencies": {
        "@pixiv/types-vrm-0.0": "3.3.4",
        "@pixiv/types-vrmc-materials-mtoon-1.0": "3.3.4"
      },
      "peerDependencies": {
        "three": ">=0.137"
      }
    },
    "node_modules/@pixiv/three-vrm-materials-v0compat": {
      "version": "3.3.4",
      "resolved": "https://registry.npmjs.org/@pixiv/three-vrm-materials-v0compat/-/three-vrm-materials-v0compat-3.3.4.tgz",
      "integrity": "sha512-Sx+J8RivdGnLwtYcdrVSGRzq/f5stNzHpSyE2fRiZOD4iwGCCxHGRniA0JusGNtOVl2K62IRFpGzoy9mSS/yUg==",
      "license": "MIT",
      "dependencies": {
        "@pixiv/types-vrm-0.0": "3.3.4",
        "@pixiv/types-vrmc-materials-mtoon-1.0": "3.3.4"
      },
      "peerDependencies": {
        "three": ">=0.137"
      }
    },
    "node_modules/@pixiv/three-vrm-node-constraint": {
      "version": "3.3.4",
      "resolved": "https://registry.npmjs.org/@pixiv/three-vrm-node-constraint/-/three-vrm-node-constraint-3.3.4.tgz",
      "integrity": "sha512-oMKnWQuGplPSrBPkcVVAYTlnboMHly3SbyfW5ur+2Gzee0svj9Pf/lfWsinzmtElkihsCdrwsTWi8imV9KBoeg==",
      "license": "MIT",
      "dependencies": {
        "@pixiv/types-vrmc-node-constraint-1.0": "3.3.4"
      },
      "peerDependencies": {
        "three": ">=0.137"
      }
    },
    "node_modules/@pixiv/three-vrm-springbone": {
      "version": "3.3.4",
      "resolved": "https://registry.npmjs.org/@pixiv/three-vrm-springbone/-/three-vrm-springbone-3.3.4.tgz",
      "integrity": "sha512-9iQWVcLixsXWmgEsCoLeuKvjuRSM8/rqI1VsCvpeG4ILn/uW3yhqV3B+CPy/2X/f//qv9sRUiFu5YIOTAFFTnA==",
      "license": "MIT",
      "dependencies": {
        "@pixiv/types-vrm-0.0": "3.3.4",
        "@pixiv/types-vrmc-springbone-1.0": "3.3.4",
        "@pixiv/types-vrmc-springbone-extended-collider-1.0": "3.3.4"
      },
      "peerDependencies": {
        "three": ">=0.137"
      }
    },
    "node_modules/@pixiv/types-vrm-0.0": {
      "version": "3.3.4",
      "resolved": "https://registry.npmjs.org/@pixiv/types-vrm-0.0/-/types-vrm-0.0-3.3.4.tgz",
      "integrity": "sha512-/mV5HviKPJitvJSOcVkOuOBJpAvpGDEOP5xUiUNm3JGfBJvf4Z4LI+LhVKizcAXrdk/+b5Zyiidh7fcu25CdRw==",
      "license": "MIT"
    },
    "node_modules/@pixiv/types-vrmc-materials-hdr-emissive-multiplier-1.0": {
      "version": "3.3.4",
      "resolved": "https://registry.npmjs.org/@pixiv/types-vrmc-materials-hdr-emissive-multiplier-1.0/-/types-vrmc-materials-hdr-emissive-multiplier-1.0-3.3.4.tgz",
      "integrity": "sha512-BbTu4O+DFT4/Vr8G0p7cZ1aTN072S5oFZO7cun8xNDh/sL3oLq1yX/NmXgp7ahPnkaGmDAIVtFugZwjHg2k90w==",
      "license": "MIT"
    },
    "node_modules/@pixiv/types-vrmc-materials-mtoon-1.0": {
      "version": "3.3.4",
      "resolved": "https://registry.npmjs.org/@pixiv/types-vrmc-materials-mtoon-1.0/-/types-vrmc-materials-mtoon-1.0-3.3.4.tgz",
      "integrity": "sha512-/gxxeYHBpuj6YEWl3W9bQF0qFVj7kXbSDPIWSfMTrryupIC4SuRIjPvacU3n/cKuRRIngFeTGqFMhG64dilx5g==",
      "license": "MIT"
    },
    "node_modules/@pixiv/types-vrmc-node-constraint-1.0": {
      "version": "3.3.4",
      "resolved": "https://registry.npmjs.org/@pixiv/types-vrmc-node-constraint-1.0/-/types-vrmc-node-constraint-1.0-3.3.4.tgz",
      "integrity": "sha512-+Z/c+VmvaWdKmeKubg41Ovf/Hb+yemPfBCaID/kyQSANW+ZcykiRfP/qC4/6uuUf2IrmdzCa2p8y9pramRtQkw==",
      "license": "MIT"
    },
    "node_modules/@pixiv/types-vrmc-springbone-1.0": {
      "version": "3.3.4",
      "resolved": "https://registry.npmjs.org/@pixiv/types-vrmc-springbone-1.0/-/types-vrmc-springbone-1.0-3.3.4.tgz",
      "integrity": "sha512-tkkcZqS0OxKA90fHLNt9lwunpdmGat/ce8H6n5lrvjpCC6qlCvB4S/BsjSKSV3u5PMmkKYjrrk7dpvoWnMsSLg==",
      "license": "MIT"
    },
    "node_modules/@pixiv/types-vrmc-springbone-extended-collider-1.0": {
      "version": "3.3.4",
      "resolved": "https://registry.npmjs.org/@pixiv/types-vrmc-springbone-extended-collider-1.0/-/types-vrmc-springbone-extended-collider-1.0-3.3.4.tgz",
      "integrity": "sha512-45VuCCCXaZdiDL4Bh0fJuVoDa0amqCoElT+bi9H8IHujoWUQO8Mu65IxhNSLIuWkSKZsJ4UkY1a20K87/cUCkQ==",
      "license": "MIT"
    },
    "node_modules/@pixiv/types-vrmc-vrm-1.0": {
      "version": "3.3.4",
      "resolved": "https://registry.npmjs.org/@pixiv/types-vrmc-vrm-1.0/-/types-vrmc-vrm-1.0-3.3.4.tgz",
      "integrity": "sha512-Pc21xhkyiFg5pOR18OJnUoRt7Ld10kitpMtClechXiMudgbcZl+XSb/zpk0FspZlbyj7LXppPrlEiIHOn0uAHA==",
      "license": "MIT"
    },
    "node_modules/@tweenjs/tween.js": {
      "version": "23.1.3",
      "resolved": "https://registry.npmjs.org/@tweenjs/tween.js/-/tween.js-23.1.3.tgz",
      "integrity": "sha512-vJmvvwFxYuGnF2axRtPYocag6Clbb5YS7kLL+SO/TeVFzHqDIWrNKYtcsPMibjDx9O+bu+psAy9NKfWklassUA==",
      "dev": true,
      "license": "MIT"
    },
    "node_modules/@types/stats.js": {
      "version": "0.17.3",
      "resolved": "https://registry.npmjs.org/@types/stats.js/-/stats.js-0.17.3.tgz",
      "integrity": "sha512-pXNfAD3KHOdif9EQXZ9deK82HVNaXP5ZIF5RP2QG6OQFNTaY2YIetfrE9t528vEreGQvEPRDDc8muaoYeK0SxQ==",
      "dev": true,
      "license": "MIT"
    },
    "node_modules/@types/three": {
      "version": "0.169.0",
      "resolved": "https://registry.npmjs.org/@types/three/-/three-0.169.0.tgz",
      "integrity": "sha512-oan7qCgJBt03wIaK+4xPWclYRPG9wzcg7Z2f5T8xYTNEF95kh0t0lklxLLYBDo7gQiGLYzE6iF4ta7nXF2bcsw==",
      "dev": true,
      "license": "MIT",
      "dependencies": {
        "@tweenjs/tween.js": "~23.1.3",
        "@types/stats.js": "*",
        "@types/webxr": "*",
        "@webgpu/types": "*",
        "fflate": "~0.8.2",
        "meshoptimizer": "~0.18.1"
      }
    },
    "node_modules/@types/webxr": {
      "version": "0.5.21",
      "resolved": "https://registry.npmjs.org/@types/webxr/-/webxr-0.5.21.tgz",
      "integrity": "sha512-geZIAtLzjGmgY2JUi6VxXdCrTb99A7yP49lxLr2Nm/uIK0PkkxcEi4OGhoGDO4pxCf3JwGz2GiJL2Ej4K2bKaA==",
      "dev": true,
      "license": "MIT"
    },
    "node_modules/@webgpu/types": {
      "version": "0.1.53",
      "resolved": "https://registry.npmjs.org/@webgpu/types/-/types-0.1.53.tgz",
      "integrity": "sha512-x+BLw/opaz9LiVyrMsP75nO1Rg0QfrACUYIbVSfGwY/w0DiWIPYYrpte6us//KZXinxFAOJl0+C17L1Vi2vmDw==",
      "dev": true,
      "license": "BSD-3-Clause"
    },
    "node_modules/color": {
      "version": "4.2.3",
      "resolved": "https://registry.npmjs.org/color/-/color-4.2.3.tgz",
      "integrity": "sha512-1rXeuUUiGGrykh+CeBdu5Ie7OJwinCgQY0bc7GCRxy5xVHy+moaqkpL/jqQq0MtQOeYcrqEz4abc5f0KtU7W4A==",
      "license": "MIT",
      "dependencies": {
        "color-convert": "^2.0.1",
        "color-string": "^1.9.0"
      },
      "engines": {
        "node": ">=12.5.0"
      }
    },
    "node_modules/color-convert": {
      "version": "2.0.1",
      "resolved": "https://registry.npmjs.org/color-convert/-/color-convert-2.0.1.tgz",
      "integrity": "sha512-RRECPsj7iu/xb5oKYcsFHSppFNnsj/52OVTRKb4zP5onXwVF3zVmmToNcOfGC+CRDpfK/U584fMg38ZHCaElKQ==",
      "license": "MIT",
      "dependencies": {
        "color-name": "~1.1.4"
      },
      "engines": {
        "node": ">=7.0.0"
      }
    },
    "node_modules/color-name": {
      "version": "1.1.4",
      "resolved": "https://registry.npmjs.org/color-name/-/color-name-1.1.4.tgz",
      "integrity": "sha512-dOy+3AuW3a2wNbZHIuMZpTcgjGuLU/uBL/ubcZF9OXbDo8ff4O8yVp5Bf0efS8uEoYo5q4Fx7dY9OgQGXgAsQA==",
      "license": "MIT"
    },
    "node_modules/color-string": {
      "version": "1.9.1",
      "resolved": "https://registry.npmjs.org/color-string/-/color-string-1.9.1.tgz",
      "integrity": "sha512-shrVawQFojnZv6xM40anx4CkoDP+fZsw/ZerEMsW/pyzsRbElpsL/DBVW7q3ExxwusdNXI3lXpuhEZkzs8p5Eg==",
      "license": "MIT",
      "dependencies": {
        "color-name": "^1.0.0",
        "simple-swizzle": "^0.2.2"
      }
    },
    "node_modules/detect-libc": {
      "version": "2.0.3",
      "resolved": "https://registry.npmjs.org/detect-libc/-/detect-libc-2.0.3.tgz",
      "integrity": "sha512-bwy0MGW55bG41VqxxypOsdSdGqLwXPI/focwgTYCFMbdUiBAxLg9CFzG08sz2aqzknwiX7Hkl0bQENjg8iLByw==",
      "license": "Apache-2.0",
      "engines": {
        "node": ">=8"
      }
    },
    "node_modules/fflate": {
      "version": "0.8.2",
      "resolved": "https://registry.npmjs.org/fflate/-/fflate-0.8.2.tgz",
      "integrity": "sha512-cPJU47OaAoCbg0pBvzsgpTPhmhqI5eJjh/JIu8tPj5q+T7iLvW/JAYUqmE7KOB4R1ZyEhzBaIQpQpardBF5z8A==",
      "dev": true,
      "license": "MIT"
    },
    "node_modules/is-arrayish": {
      "version": "0.3.2",
      "resolved": "https://registry.npmjs.org/is-arrayish/-/is-arrayish-0.3.2.tgz",
      "integrity": "sha512-eVRqCvVlZbuw3GrM63ovNSNAeA1K16kaR/LRY/92w0zxQ5/1YzwblUX652i4Xs9RwAGjW9d9y6X88t8OaAJfWQ==",
      "license": "MIT"
    },
    "node_modules/meshoptimizer": {
      "version": "0.18.1",
      "resolved": "https://registry.npmjs.org/meshoptimizer/-/meshoptimizer-0.18.1.tgz",
      "integrity": "sha512-ZhoIoL7TNV4s5B6+rx5mC//fw8/POGyNxS/DZyCJeiZ12ScLfVwRE/GfsxwiTkMYYD5DmK2/JXnEVXqL4rF+Sw==",
      "dev": true,
      "license": "MIT"
    },
    "node_modules/semver": {
      "version": "7.6.3",
      "resolved": "https://registry.npmjs.org/semver/-/semver-7.6.3.tgz",
      "integrity": "sha512-oVekP1cKtI+CTDvHWYFUcMtsK/00wmAEfyqKfNdARm8u1wNVhSgaX7A8d4UuIlUI5e84iEwOhs7ZPYRmzU9U6A==",
      "license": "ISC",
      "bin": {
        "semver": "bin/semver.js"
      },
      "engines": {
        "node": ">=10"
      }
    },
    "node_modules/sharp": {
      "version": "0.33.5",
      "resolved": "https://registry.npmjs.org/sharp/-/sharp-0.33.5.tgz",
      "integrity": "sha512-haPVm1EkS9pgvHrQ/F3Xy+hgcuMV0Wm9vfIBSiwZ05k+xgb0PkBQpGsAA/oWdDobNaZTH5ppvHtzCFbnSEwHVw==",
      "hasInstallScript": true,
      "license": "Apache-2.0",
      "dependencies": {
        "color": "^4.2.3",
        "detect-libc": "^2.0.3",
        "semver": "^7.6.3"
      },
      "engines": {
        "node": "^18.17.0 || ^20.3.0 || >=21.0.0"
      },
      "funding": {
        "url": "https://opencollective.com/libvips"
      },
      "optionalDependencies": {
        "@img/sharp-darwin-arm64": "0.33.5",
        "@img/sharp-darwin-x64": "0.33.5",
        "@img/sharp-libvips-darwin-arm64": "1.0.4",
        "@img/sharp-libvips-darwin-x64": "1.0.4",
        "@img/sharp-libvips-linux-arm": "1.0.5",
        "@img/sharp-libvips-linux-arm64": "1.0.4",
        "@img/sharp-libvips-linux-s390x": "1.0.4",
        "@img/sharp-libvips-linux-x64": "1.0.4",
        "@img/sharp-libvips-linuxmusl-arm64": "1.0.4",
        "@img/sharp-libvips-linuxmusl-x64": "1.0.4",
        "@img/sharp-linux-arm": "0.33.5",
        "@img/sharp-linux-arm64": "0.33.5",
        "@img/sharp-linux-s390x": "0.33.5",
        "@img/sharp-linux-x64": "0.33.5",
        "@img/sharp-linuxmusl-arm64": "0.33.5",
        "@img/sharp-linuxmusl-x64": "0.33.5",
        "@img/sharp-wasm32": "0.33.5",
        "@img/sharp-win32-ia32": "0.33.5",
        "@img/sharp-win32-x64": "0.33.5"
      }
    },
    "node_modules/simple-swizzle": {
      "version": "0.2.2",
      "resolved": "https://registry.npmjs.org/simple-swizzle/-/simple-swizzle-0.2.2.tgz",
      "integrity": "sha512-JA//kQgZtbuY83m+xT+tXJkmJncGMTFT+C+g2h2R9uxkYIrE2yy9sgmcLhCnw57/WSD+Eh3J97FPEDFnbXnDUg==",
      "license": "MIT",
      "dependencies": {
        "is-arrayish": "^0.3.1"
      }
    },
    "node_modules/three": {
      "name": "@needle-tools/three",
      "version": "0.169.4",
      "resolved": "https://registry.npmjs.org/@needle-tools/three/-/three-0.169.4.tgz",
      "integrity": "sha512-82gFpJ2cSdjdbrFrZLIkHrDY/OfGCBLt0avb8JLatJP7ACg8u8x3FQzPgblS5kETug3GsnqmEmPbZIHP2GOE4Q==",
      "license": "MIT",
      "peer": true
    },
    "node_modules/tslib": {
      "version": "2.8.1",
      "resolved": "https://registry.npmjs.org/tslib/-/tslib-2.8.1.tgz",
      "integrity": "sha512-oJFu94HQb+KVduSUQL7wnpmqnfmLsOA/nAh6b6EH0wCEoK0/mPeXU6c3wKDV83MkOuHPRHtSXKKU99IBazS/2w==",
      "license": "0BSD",
      "optional": true
    }
  }
}
